Microsoft Visual Studio Solution File, Format Version 11.00
# Visual Studio 2012
Project("{C5008889-0644-E471-78F6-961117F91C3A}") = "pfm2Editor", "pfm2Editor.vcxproj", "{5B598E3A-82FF-8239-80E1-DC47C2A37C6A}"
EndProject
Global
	GlobalSection(SolutionConfigurationPlatforms) = preSolution
		Debug|Win32 = Debug|Win32
		Release|Win32 = Release|Win32
	EndGlobalSection
	GlobalSection(ProjectConfigurationPlatforms) = postSolution
		{5B598E3A-82FF-8239-80E1-DC47C2A37C6A}.Debug|Win32.ActiveCfg = Debug|Win32
		{5B598E3A-82FF-8239-80E1-DC47C2A37C6A}.Debug|Win32.Build.0 = Debug|Win32
		{5B598E3A-82FF-8239-80E1-DC47C2A37C6A}.Release|Win32.ActiveCfg = Release|Win32
		{5B598E3A-82FF-8239-80E1-DC47C2A37C6A}.Release|Win32.Build.0 = Release|Win32
	EndGlobalSection
	GlobalSection(SolutionProperties) = preSolution
		HideSolutionNode = FALSE
	EndGlobalSection
EndGlobal
