// !$*UTF8*$!
{
	archiveVersion = 1;
	classes = {
	};
	objectVersion = 46;
	objects = {
		F7486F30BDF6C475129C09B6 = {
			isa = PBXBuildFile;
			fileRef = 2F90DBA9D81F2373D72368EC;
		};
		76D5C1186F09D5E4F2F5EF0F = {
			isa = PBXBuildFile;
			fileRef = 8D10718AE5C9CD3673F024BA;
		};
		38B09279E0BC27E888F3FA9A = {
			isa = PBXBuildFile;
			fileRef = AEB36ADAFE71794BDA2BF94E;
		};
		C629810A101A7F615AF6EDD4 = {
			isa = PBXBuildFile;
			fileRef = 8D0A9E1D4F3E9D88BAD3FE9B;
		};
		E1094AAE458A64CE07B4F34F = {
			isa = PBXBuildFile;
			fileRef = 089C70079AF1630D1D55BD1B;
		};
		E1EF9088D8154CB114CAA847 = {
			isa = PBXBuildFile;
			fileRef = 94C8B41AF1337AC0A01FF97B;
		};
		07A5C806D99C3102E079F0B7 = {
			isa = PBXBuildFile;
			fileRef = 5B3E854725B532BF27F161D1;
		};
		43B5FF7043B39447FE9D9514 = {
			isa = PBXBuildFile;
			fileRef = B8D8871652C8938335613B68;
		};
		C34C76D5FDD739E668AC3A54 = {
			isa = PBXBuildFile;
			fileRef = B16050CAF4AD9CA0F2F0E047;
		};
		C6EBFAB81CA44431CDA5508D = {
			isa = PBXBuildFile;
			fileRef = 031AFC92D443974A9FE22488;
		};
		0291FCBF3279B2CE4188B891 = {
			isa = PBXBuildFile;
			fileRef = 81E2CDAD49F51877643C3042;
		};
		6F6D9D2AEF91F1C2347C1ABD = {
			isa = PBXBuildFile;
			fileRef = 011A188ADD19C537796DB83F;
		};
		596EAA1CAAE0FAF6FAC71401 = {
			isa = PBXBuildFile;
			fileRef = 1972F309074DC9AFF14E0534;
		};
		F21C27DD1079774CFDBE004F = {
			isa = PBXBuildFile;
			fileRef = 2465FE8B0DA68B6568DB3072;
		};
		A79CABC694C2C7BA1990996B = {
			isa = PBXBuildFile;
			fileRef = 5564A2FC0FDA44F6C8FB3E1B;
		};
		6B8831FA7B61533736A07423 = {
			isa = PBXBuildFile;
			fileRef = 34F0279DB85875160BB7BA8F;
		};
		7CE7655B3455A1450E1E9829 = {
			isa = PBXBuildFile;
			fileRef = 1370E2A9AA23425B612B283D;
		};
		4AC2E1F0D5748B6B82CB92F8 = {
			isa = PBXBuildFile;
			fileRef = EA8BE719FE791914ECD075F8;
		};
		E19C43CEEDCAAFFF10E173A6 = {
			isa = PBXBuildFile;
			fileRef = 2427C66F15D997D6F8542C65;
		};
		E4E3152D83F3CA54977E7131 = {
			isa = PBXBuildFile;
			fileRef = 4898134F4616CEB1ED70D70F;
		};
		AA17ECD079E9950FFF027191 = {
			isa = PBXBuildFile;
			fileRef = A21C1F09E451CA9E83495020;
		};
		20DC61A4FE686CCCB3739FCB = {
			isa = PBXBuildFile;
			fileRef = 1EF562403C83C0EC2F6F462B;
		};
		53F3DBF411284F650F014D19 = {
			isa = PBXBuildFile;
			fileRef = E9A6DB71FF5251071F485CF9;
		};
		7B6D1C056F7801995E6FE77E = {
			isa = PBXBuildFile;
			fileRef = 9547FE7E2A14244C20961168;
		};
		D912CBE2612F173E45B2BF22 = {
			isa = PBXBuildFile;
			fileRef = 43F86F12D6E270DABAB00A82;
		};
		069B772001BB60453C2ED124 = {
			isa = PBXBuildFile;
			fileRef = 25A50AF1D85F6505D32B33D9;
		};
		55845BAC02E8E5E30A67571D = {
			isa = PBXBuildFile;
			fileRef = 17F875311CB6C6341B983642;
		};
		195C0B5D5A850C461483F264 = {
			isa = PBXBuildFile;
			fileRef = 33E92A7DA30C094B67A6B201;
		};
		1CF5ACB8322777A97A83C8E4 = {
			isa = PBXBuildFile;
			fileRef = 37F551A1042E654F8FC49A25;
		};
		A57DBA666E9A6F8A591A76BC = {
			isa = PBXBuildFile;
			fileRef = 4825021F67D27894C8C66732;
		};
		CBF34257AA7051A51CD5428A = {
			isa = PBXBuildFile;
			fileRef = CAE0CC005600A52D573096BE;
		};
		7CC0F9689A0974DFFF0AC99A = {
			isa = PBXBuildFile;
			fileRef = A0DCC871E5E4EA6E073B3BD3;
		};
		268061BE83E361E942525055 = {
			isa = PBXBuildFile;
			fileRef = C7E3511444D0D17AAF7D34C8;
		};
		DFE0B2CB645EABDBBBF7A61D = {
			isa = PBXBuildFile;
			fileRef = A72CAF4E31F20DC9CA0A0B50;
		};
		3942CB8F4098029BF05AB248 = {
			isa = PBXBuildFile;
			fileRef = 65ED8DE10BB450C5FA4B4EF1;
		};
		A046FADB44B4A13812EECA7A = {
			isa = PBXBuildFile;
			fileRef = CCFABFE7CDF687DAC8DDFABA;
		};
		0B2A6EB29E56D4CB9FD5709C = {
			isa = PBXBuildFile;
			fileRef = FA25FAD262AF0A9AF355A860;
		};
		C29ACBB64F7FD468B3733B38 = {
			isa = PBXBuildFile;
			fileRef = 3BA7B518A68C6C096EB932CC;
		};
		D089B3A6564BB7E5E23531A4 = {
			isa = PBXBuildFile;
			fileRef = B60AA06FF277DB3CF95BA92B;
		};
		CD0AED9F7FBBD34AA75812F5 = {
			isa = PBXBuildFile;
			fileRef = 7F6551E6F4428A7F1C83BF65;
		};
		2ED0BFFB68585C79ACA34781 = {
			isa = PBXBuildFile;
			fileRef = FDE71B2E85AF63B14E894E32;
		};
		19AE2A200FF2BDCEE047B0C2 = {
			isa = PBXBuildFile;
			fileRef = DBF504230B6E8BD6D977B4AB;
		};
		8C71A9F164A7FE33894B6DB9 = {
			isa = PBXBuildFile;
			fileRef = C1BB1DE22844251AC65CE168;
		};
		B5EA6F0591D2F9C6E5A5429F = {
			isa = PBXBuildFile;
			fileRef = 9B9F98BB3D109B4A4E465D62;
		};
		AB824A5DABEB1D76D6F6B424 = {
			isa = PBXBuildFile;
			fileRef = F5008B8A6C36FFEBE31A187F;
		};
		DFB8FA56FEEDD741AF393F3B = {
			isa = PBXBuildFile;
			fileRef = C0DEDB193693F0FFC20B929C;
		};
		B8280E1044BB0F68624F73E9 = {
			isa = PBXBuildFile;
			fileRef = 6C1E2C2062ECFBF883C297CB;
		};
		A3756E98DDD48791ACABDAA3 = {
			isa = PBXBuildFile;
			fileRef = 21D5CA2B1E57E38A0F3AB6FB;
		};
		A2B03CB0B2BFD29E31BBEA13 = {
			isa = PBXBuildFile;
			fileRef = 947773010BC6771C684F1D71;
		};
		093987044736778E6DFB5A37 = {
			isa = PBXBuildFile;
			fileRef = FB2E8D97B8F8B4855AA08787;
		};
		2B716B7F11997DB5BA52135C = {
			isa = PBXBuildFile;
			fileRef = 9057407CF453ECFED4709124;
		};
		6904E702866D001CA402244A = {
			isa = PBXBuildFile;
			fileRef = 06233FB764AE9F84706775C0;
		};
		F8F572D2362D41A051A4F491 = {
			isa = PBXBuildFile;
			fileRef = 469EA8E9A5724AABB4087119;
		};
		0CE783A57794CCE00301D7EA = {
			isa = PBXBuildFile;
			fileRef = 9FA266E3BBE09C86E4948777;
		};
		488CDF6ECDC521063AB43AC0 = {
			isa = PBXBuildFile;
			fileRef = 3EFA8C66080B2C253BC8F966;
		};
		4891E5FC6484BB64C4B59EA2 = {
			isa = PBXBuildFile;
			fileRef = E91C57EB7CB9F7CD498EDDE1;
		};
		6A1922D3D561A1C01AC2CBD1 = {
			isa = PBXBuildFile;
			fileRef = 977D6D0A97DF936F70A596AC;
		};
		E71A50C7AEF9FBC75DCDBF85 = {
			isa = PBXBuildFile;
			fileRef = 9D0093F952F1A5DE68822F01;
		};
		011A188ADD19C537796DB83F = {
			isa = PBXFileReference;
			lastKnownFileType = wrapper.framework;
			name = CoreAudioKit.framework;
			path = System/Library/Frameworks/CoreAudioKit.framework;
			sourceTree = SDKROOT;
		};
		031AFC92D443974A9FE22488 = {
			isa = PBXFileReference;
			lastKnownFileType = wrapper.framework;
			name = Cocoa.framework;
			path = System/Library/Frameworks/Cocoa.framework;
			sourceTree = SDKROOT;
		};
		06233FB764AE9F84706775C0 = {
			isa = PBXFileReference;
			lastKnownFileType = sourcecode.cpp.objcpp;
			name = "include_juce_cryptography.mm";
			path = "../../JuceLibraryCode/include_juce_cryptography.mm";
			sourceTree = "SOURCE_ROOT";
		};
		07733981AC6137023DB774BA = {
			isa = PBXFileReference;
			lastKnownFileType = file;
			name = "juce_gui_basics";
			path = "../../../../JUCE_6.0/modules/juce_gui_basics";
			sourceTree = "SOURCE_ROOT";
		};
		08C88B710BD91CB396DFAA26 = {
			isa = PBXFileReference;
			lastKnownFileType = file;
			name = "juce_audio_processors";
			path = "../../../../JUCE_6.0/modules/juce_audio_processors";
			sourceTree = "SOURCE_ROOT";
		};
		0AD5B6264AF2776B1CA7A30B = {
			isa = PBXFileReference;
			lastKnownFileType = file;
			name = "juce_cryptography";
			path = "../../../../JUCE_6.0/modules/juce_cryptography";
			sourceTree = "SOURCE_ROOT";
		};
		1370E2A9AA23425B612B283D = {
			isa = PBXFileReference;
			lastKnownFileType = wrapper.framework;
			name = OpenGL.framework;
			path = System/Library/Frameworks/OpenGL.framework;
			sourceTree = SDKROOT;
		};
		14D69C76371F2899720AB830 = {
			isa = PBXFileReference;
			lastKnownFileType = sourcecode.c.h;
			name = PreenLookAndFeel.h;
			path = ../../Source/UI/PreenLookAndFeel.h;
			sourceTree = "SOURCE_ROOT";
		};
		17F875311CB6C6341B983642 = {
			isa = PBXFileReference;
			lastKnownFileType = sourcecode.cpp.cpp;
			name = PanelEngine.cpp;
			path = ../../Source/UI/PanelEngine.cpp;
			sourceTree = "SOURCE_ROOT";
		};
		18D8488F958F26D7CAD620D0 = {
			isa = PBXFileReference;
			lastKnownFileType = file;
			name = "juce_audio_basics";
			path = "../../../../JUCE_6.0/modules/juce_audio_basics";
			sourceTree = "SOURCE_ROOT";
		};
		1972F309074DC9AFF14E0534 = {
			isa = PBXFileReference;
			lastKnownFileType = wrapper.framework;
			name = CoreMIDI.framework;
			path = System/Library/Frameworks/CoreMIDI.framework;
			sourceTree = SDKROOT;
		};
		1A61E029740492BD56EB7F28 = {
			isa = PBXFileReference;
			lastKnownFileType = file;
			name = "juce_events";
			path = "../../../../JUCE_6.0/modules/juce_events";
			sourceTree = "SOURCE_ROOT";
		};
		1DAA6098DA1C16B346E337D5 = {
			isa = PBXFileReference;
			lastKnownFileType = sourcecode.c.h;
			name = PanelEngine.h;
			path = ../../Source/UI/PanelEngine.h;
			sourceTree = "SOURCE_ROOT";
		};
		1EF562403C83C0EC2F6F462B = {
			isa = PBXFileReference;
			lastKnownFileType = sourcecode.cpp.cpp;
			name = EnveloppeAbstract.cpp;
			path = ../../Source/UI/EnveloppeAbstract.cpp;
			sourceTree = "SOURCE_ROOT";
		};
		2194D7E562CF1F19489FAA65 = {
			isa = PBXFileReference;
			lastKnownFileType = text.plist.xml;
			name = "Info-VST.plist";
			path = "Info-VST.plist";
			sourceTree = "SOURCE_ROOT";
		};
		21D5CA2B1E57E38A0F3AB6FB = {
			isa = PBXFileReference;
			lastKnownFileType = sourcecode.cpp.cpp;
			name = "include_juce_audio_plugin_client_VST3.cpp";
			path = "../../JuceLibraryCode/include_juce_audio_plugin_client_VST3.cpp";
			sourceTree = "SOURCE_ROOT";
		};
		234C56F753C58C5D4BF78CC4 = {
			isa = PBXFileReference;
			lastKnownFileType = sourcecode.c.h;
			name = PanelModulation.h;
			path = ../../Source/UI/PanelModulation.h;
			sourceTree = "SOURCE_ROOT";
		};
		2427C66F15D997D6F8542C65 = {
			isa = PBXFileReference;
			lastKnownFileType = wrapper.framework;
			name = WebKit.framework;
			path = System/Library/Frameworks/WebKit.framework;
			sourceTree = SDKROOT;
		};
		2465FE8B0DA68B6568DB3072 = {
			isa = PBXFileReference;
			lastKnownFileType = wrapper.framework;
			name = DiscRecording.framework;
			path = System/Library/Frameworks/DiscRecording.framework;
			sourceTree = SDKROOT;
		};
		25A50AF1D85F6505D32B33D9 = {
			isa = PBXFileReference;
			lastKnownFileType = sourcecode.cpp.cpp;
			name = PanelArpAndFilter.cpp;
			path = ../../Source/UI/PanelArpAndFilter.cpp;
			sourceTree = "SOURCE_ROOT";
		};
		2A471CC28DB39B7DD6414951 = {
			isa = PBXFileReference;
			lastKnownFileType = file;
			name = "juce_opengl";
			path = "../../../../JUCE_6.0/modules/juce_opengl";
			sourceTree = "SOURCE_ROOT";
		};
		2F90DBA9D81F2373D72368EC = {
			isa = PBXFileReference;
			explicitFileType = wrapper.cfbundle;
			includeInIndex = 0;
			path = Preenfm2Editor.vst;
			sourceTree = "BUILT_PRODUCTS_DIR";
		};
		30E5CEA5F4E34BCB3E61B42A = {
			isa = PBXFileReference;
			lastKnownFileType = sourcecode.c.h;
			name = AppConfig.h;
			path = ../../JuceLibraryCode/AppConfig.h;
			sourceTree = "SOURCE_ROOT";
		};
		33E92A7DA30C094B67A6B201 = {
			isa = PBXFileReference;
			lastKnownFileType = sourcecode.cpp.cpp;
			name = PanelModulation.cpp;
			path = ../../Source/UI/PanelModulation.cpp;
			sourceTree = "SOURCE_ROOT";
		};
		34F0279DB85875160BB7BA8F = {
			isa = PBXFileReference;
			lastKnownFileType = wrapper.framework;
			name = IOKit.framework;
			path = System/Library/Frameworks/IOKit.framework;
			sourceTree = SDKROOT;
		};
		35190AC3ED815DF3673F1D73 = {
			isa = PBXFileReference;
			lastKnownFileType = sourcecode.c.h;
			name = EnveloppeAbstract.h;
			path = ../../Source/UI/EnveloppeAbstract.h;
			sourceTree = "SOURCE_ROOT";
		};
		37F551A1042E654F8FC49A25 = {
			isa = PBXFileReference;
			lastKnownFileType = sourcecode.cpp.cpp;
			name = AlgoPNG.cpp;
			path = ../../Source/UI/png/AlgoPNG.cpp;
			sourceTree = "SOURCE_ROOT";
		};
		38BA6196F0444534D49DB1FF = {
			isa = PBXFileReference;
			lastKnownFileType = file;
			name = "juce_graphics";
			path = "../../../../JUCE_6.0/modules/juce_graphics";
			sourceTree = "SOURCE_ROOT";
		};
		3997462264634A414374B53F = {
			isa = PBXFileReference;
			lastKnownFileType = file;
			name = "juce_audio_utils";
			path = "../../../../JUCE_6.0/modules/juce_audio_utils";
			sourceTree = "SOURCE_ROOT";
		};
		3BA7B518A68C6C096EB932CC = {
			isa = PBXFileReference;
			lastKnownFileType = sourcecode.cpp.objcpp;
			name = "include_juce_audio_basics.mm";
			path = "../../JuceLibraryCode/include_juce_audio_basics.mm";
			sourceTree = "SOURCE_ROOT";
		};
		3CA1F3EAF34E5E5785F456CA = {
			isa = PBXFileReference;
			lastKnownFileType = file;
			name = "juce_core";
			path = "../../../../JUCE_6.0/modules/juce_core";
			sourceTree = "SOURCE_ROOT";
		};
		3EFA8C66080B2C253BC8F966 = {
			isa = PBXFileReference;
			lastKnownFileType = sourcecode.cpp.objcpp;
			name = "include_juce_graphics.mm";
			path = "../../JuceLibraryCode/include_juce_graphics.mm";
			sourceTree = "SOURCE_ROOT";
		};
		427AB327FF0627C10066D9FE = {
			isa = PBXFileReference;
			lastKnownFileType = sourcecode.c.h;
			name = JucePluginDefines.h;
			path = ../../JuceLibraryCode/JucePluginDefines.h;
			sourceTree = "SOURCE_ROOT";
		};
		43F86F12D6E270DABAB00A82 = {
			isa = PBXFileReference;
			lastKnownFileType = sourcecode.cpp.cpp;
			name = MainTabs.cpp;
			path = ../../Source/UI/MainTabs.cpp;
			sourceTree = "SOURCE_ROOT";
		};
		469EA8E9A5724AABB4087119 = {
			isa = PBXFileReference;
			lastKnownFileType = sourcecode.cpp.objcpp;
			name = "include_juce_data_structures.mm";
			path = "../../JuceLibraryCode/include_juce_data_structures.mm";
			sourceTree = "SOURCE_ROOT";
		};
		4825021F67D27894C8C66732 = {
			isa = PBXFileReference;
			lastKnownFileType = sourcecode.cpp.cpp;
			name = PreenLookAndFeel.cpp;
			path = ../../Source/UI/PreenLookAndFeel.cpp;
			sourceTree = "SOURCE_ROOT";
		};
		4898134F4616CEB1ED70D70F = {
			isa = PBXFileReference;
			lastKnownFileType = file.nib;
			name = RecentFilesMenuTemplate.nib;
			path = RecentFilesMenuTemplate.nib;
			sourceTree = "SOURCE_ROOT";
		};
		5060A6D51ADE3B234CAF0026 = {
			isa = PBXFileReference;
			lastKnownFileType = image.PNG;
			name = iconpfm2Ed.PNG;
			path = ../../../iconpfm2Ed.PNG;
			sourceTree = "SOURCE_ROOT";
		};
		524111CAFE9C3E2FE237671F = {
			isa = PBXFileReference;
			lastKnownFileType = sourcecode.c.h;
			name = MainTabs.h;
			path = ../../Source/UI/MainTabs.h;
			sourceTree = "SOURCE_ROOT";
		};
		52F8D36F28E739D7C339300C = {
			isa = PBXFileReference;
			lastKnownFileType = sourcecode.c.h;
			name = PluginEditor.h;
			path = ../../Source/PluginEditor.h;
			sourceTree = "SOURCE_ROOT";
		};
		53C169A7B6554A6AE3EEE1EE = {
			isa = PBXFileReference;
			lastKnownFileType = sourcecode.c.h;
			name = MidifiedFloatParameter.h;
			path = ../../Source/MidifiedFloatParameter.h;
			sourceTree = "SOURCE_ROOT";
		};
		5564A2FC0FDA44F6C8FB3E1B = {
			isa = PBXFileReference;
			lastKnownFileType = wrapper.framework;
			name = Foundation.framework;
			path = System/Library/Frameworks/Foundation.framework;
			sourceTree = SDKROOT;
		};
		567A4B9B301C04769A7A931E = {
			isa = PBXFileReference;
			lastKnownFileType = sourcecode.c.h;
			name = AlgoPNG.h;
			path = ../../Source/UI/png/AlgoPNG.h;
			sourceTree = "SOURCE_ROOT";
		};
		56A710D72CEDCD37B4E0B8E2 = {
			isa = PBXFileReference;
			lastKnownFileType = sourcecode.c.h;
			name = JuceHeader.h;
			path = ../../JuceLibraryCode/JuceHeader.h;
			sourceTree = "SOURCE_ROOT";
		};
		584424F6B9FA3EA3DDE0586B = {
			isa = PBXFileReference;
			lastKnownFileType = sourcecode.c.h;
			name = EnveloppeFree1.h;
			path = ../../Source/UI/EnveloppeFree1.h;
			sourceTree = "SOURCE_ROOT";
		};
		5B3E854725B532BF27F161D1 = {
			isa = PBXFileReference;
			lastKnownFileType = wrapper.framework;
			name = Accelerate.framework;
			path = System/Library/Frameworks/Accelerate.framework;
			sourceTree = SDKROOT;
		};
		607705CB53C4CBD3CACC5654 = {
			isa = PBXFileReference;
			lastKnownFileType = sourcecode.c.h;
			name = Pfm2MidiDevice.h;
			path = ../../Source/Pfm2MidiDevice.h;
			sourceTree = "SOURCE_ROOT";
		};
		65ED8DE10BB450C5FA4B4EF1 = {
			isa = PBXFileReference;
			lastKnownFileType = sourcecode.cpp.cpp;
			name = PluginEditor.cpp;
			path = ../../Source/PluginEditor.cpp;
			sourceTree = "SOURCE_ROOT";
		};
		6C1E2C2062ECFBF883C297CB = {
			isa = PBXFileReference;
			lastKnownFileType = sourcecode.cpp.cpp;
			name = "include_juce_audio_plugin_client_VST2.cpp";
			path = "../../JuceLibraryCode/include_juce_audio_plugin_client_VST2.cpp";
			sourceTree = "SOURCE_ROOT";
		};
		7F6551E6F4428A7F1C83BF65 = {
			isa = PBXFileReference;
			lastKnownFileType = sourcecode.cpp.objcpp;
			name = "include_juce_audio_formats.mm";
			path = "../../JuceLibraryCode/include_juce_audio_formats.mm";
			sourceTree = "SOURCE_ROOT";
		};
		81E2CDAD49F51877643C3042 = {
			isa = PBXFileReference;
			lastKnownFileType = wrapper.framework;
			name = CoreAudio.framework;
			path = System/Library/Frameworks/CoreAudio.framework;
			sourceTree = SDKROOT;
		};
		8D10718AE5C9CD3673F024BA = {
			isa = PBXFileReference;
			explicitFileType = wrapper.cfbundle;
			includeInIndex = 0;
			path = Preenfm2Editor.vst3;
			sourceTree = "BUILT_PRODUCTS_DIR";
		};
		90232CF2F8D53EF3C433D539 = {
			isa = PBXFileReference;
			lastKnownFileType = sourcecode.c.h;
			name = ListProperty.h;
			path = ../../Source/ListProperty.h;
			sourceTree = "SOURCE_ROOT";
		};
		92EBA5CDFD19E0ABB8B6673B = {
			isa = PBXFileReference;
			lastKnownFileType = file;
			name = "juce_data_structures";
			path = "../../../../JUCE_6.0/modules/juce_data_structures";
			sourceTree = "SOURCE_ROOT";
		};
		94C8B41AF1337AC0A01FF97B = {
			isa = PBXFileReference;
			lastKnownFileType = wrapper.framework;
			name = AudioUnit.framework;
			path = System/Library/Frameworks/AudioUnit.framework;
			sourceTree = SDKROOT;
		};
		9547FE7E2A14244C20961168 = {
			isa = PBXFileReference;
			lastKnownFileType = sourcecode.cpp.cpp;
			name = EnveloppeFree2.cpp;
			path = ../../Source/UI/EnveloppeFree2.cpp;
			sourceTree = "SOURCE_ROOT";
		};
		9B9F98BB3D109B4A4E465D62 = {
			isa = PBXFileReference;
			lastKnownFileType = sourcecode.cpp.cpp;
			name = "include_juce_audio_plugin_client_Standalone.cpp";
			path = "../../JuceLibraryCode/include_juce_audio_plugin_client_Standalone.cpp";
			sourceTree = "SOURCE_ROOT";
		};
		9FFF9D2FC0AFF0C8640EF7F0 = {
			isa = PBXFileReference;
			lastKnownFileType = sourcecode.c.h;
			name = PanelOfComponents.h;
			path = ../../Source/UI/PanelOfComponents.h;
			sourceTree = "SOURCE_ROOT";
		};
		A21C1F09E451CA9E83495020 = {
			isa = PBXFileReference;
			lastKnownFileType = sourcecode.cpp.cpp;
			name = Enveloppe.cpp;
			path = ../../Source/UI/Enveloppe.cpp;
			sourceTree = "SOURCE_ROOT";
		};
		AEB36ADAFE71794BDA2BF94E = {
			isa = PBXFileReference;
			explicitFileType = wrapper.cfbundle;
			includeInIndex = 0;
			path = Preenfm2Editor.component;
			sourceTree = "BUILT_PRODUCTS_DIR";
		};
		8D0A9E1D4F3E9D88BAD3FE9B = {
			isa = PBXFileReference;
			explicitFileType = wrapper.application;
			includeInIndex = 0;
			path = Preenfm2Editor.app;
			sourceTree = "BUILT_PRODUCTS_DIR";
		};
		089C70079AF1630D1D55BD1B = {
			isa = PBXFileReference;
			explicitFileType = archive.ar;
			includeInIndex = 0;
			path = libPreenfm2Editor.a;
			sourceTree = "BUILT_PRODUCTS_DIR";
		};
		9057407CF453ECFED4709124 = {
			isa = PBXFileReference;
			lastKnownFileType = sourcecode.cpp.objcpp;
			name = "include_juce_core.mm";
			path = "../../JuceLibraryCode/include_juce_core.mm";
			sourceTree = "SOURCE_ROOT";
		};
		947773010BC6771C684F1D71 = {
			isa = PBXFileReference;
			lastKnownFileType = sourcecode.cpp.objcpp;
			name = "include_juce_audio_processors.mm";
			path = "../../JuceLibraryCode/include_juce_audio_processors.mm";
			sourceTree = "SOURCE_ROOT";
		};
		977D6D0A97DF936F70A596AC = {
			isa = PBXFileReference;
			lastKnownFileType = sourcecode.cpp.objcpp;
			name = "include_juce_gui_extra.mm";
			path = "../../JuceLibraryCode/include_juce_gui_extra.mm";
			sourceTree = "SOURCE_ROOT";
		};
		9D0093F952F1A5DE68822F01 = {
			isa = PBXFileReference;
			lastKnownFileType = sourcecode.cpp.objcpp;
			name = "include_juce_opengl.mm";
			path = "../../JuceLibraryCode/include_juce_opengl.mm";
			sourceTree = "SOURCE_ROOT";
		};
		9FA266E3BBE09C86E4948777 = {
			isa = PBXFileReference;
			lastKnownFileType = sourcecode.cpp.objcpp;
			name = "include_juce_events.mm";
			path = "../../JuceLibraryCode/include_juce_events.mm";
			sourceTree = "SOURCE_ROOT";
		};
		A0DCC871E5E4EA6E073B3BD3 = {
			isa = PBXFileReference;
			lastKnownFileType = sourcecode.cpp.cpp;
			name = ListProperty.cpp;
			path = ../../Source/ListProperty.cpp;
			sourceTree = "SOURCE_ROOT";
		};
		A72CAF4E31F20DC9CA0A0B50 = {
			isa = PBXFileReference;
			lastKnownFileType = sourcecode.cpp.cpp;
			name = Pfm2MidiDevice.cpp;
			path = ../../Source/Pfm2MidiDevice.cpp;
			sourceTree = "SOURCE_ROOT";
		};
		ADDEF236F8C67A359117FB79 = {
			isa = PBXFileReference;
			lastKnownFileType = sourcecode.c.h;
			name = BinaryData.h;
			path = ../../JuceLibraryCode/BinaryData.h;
			sourceTree = "SOURCE_ROOT";
		};
		B0D3E7CF32BAA7248E4888A6 = {
			isa = PBXFileReference;
			lastKnownFileType = sourcecode.c.h;
			name = PreenNrpn.h;
			path = ../../Source/PreenNrpn.h;
			sourceTree = "SOURCE_ROOT";
		};
		B16050CAF4AD9CA0F2F0E047 = {
			isa = PBXFileReference;
			lastKnownFileType = wrapper.framework;
			name = Carbon.framework;
			path = System/Library/Frameworks/Carbon.framework;
			sourceTree = SDKROOT;
		};
		B60AA06FF277DB3CF95BA92B = {
			isa = PBXFileReference;
			lastKnownFileType = sourcecode.cpp.objcpp;
			name = "include_juce_audio_devices.mm";
			path = "../../JuceLibraryCode/include_juce_audio_devices.mm";
			sourceTree = "SOURCE_ROOT";
		};
		B8D8871652C8938335613B68 = {
			isa = PBXFileReference;
			lastKnownFileType = wrapper.framework;
			name = AudioToolbox.framework;
			path = System/Library/Frameworks/AudioToolbox.framework;
			sourceTree = SDKROOT;
		};
		BD6A1D61F54B4763D03C6649 = {
			isa = PBXFileReference;
			lastKnownFileType = text.plist.xml;
			name = "Info-VST3.plist";
			path = "Info-VST3.plist";
			sourceTree = "SOURCE_ROOT";
		};
		C0462E83B979F945FFC132D0 = {
			isa = PBXFileReference;
			lastKnownFileType = sourcecode.c.h;
			name = Enveloppe.h;
			path = ../../Source/UI/Enveloppe.h;
			sourceTree = "SOURCE_ROOT";
		};
		C0DEDB193693F0FFC20B929C = {
			isa = PBXFileReference;
			lastKnownFileType = sourcecode.cpp.objcpp;
			name = "include_juce_audio_plugin_client_VST_utils.mm";
			path = "../../JuceLibraryCode/include_juce_audio_plugin_client_VST_utils.mm";
			sourceTree = "SOURCE_ROOT";
		};
		C1BB1DE22844251AC65CE168 = {
			isa = PBXFileReference;
			lastKnownFileType = sourcecode.cpp.objcpp;
			name = "include_juce_audio_plugin_client_AU_2.mm";
			path = "../../JuceLibraryCode/include_juce_audio_plugin_client_AU_2.mm";
			sourceTree = "SOURCE_ROOT";
		};
		C55FDFB46801ABDC4C8B69F4 = {
			isa = PBXFileReference;
			lastKnownFileType = sourcecode.c.h;
			name = SliderPfm2.h;
			path = ../../Source/UI/SliderPfm2.h;
			sourceTree = "SOURCE_ROOT";
		};
		C7E3511444D0D17AAF7D34C8 = {
			isa = PBXFileReference;
			lastKnownFileType = sourcecode.cpp.cpp;
			name = MidifiedFloatParameter.cpp;
			path = ../../Source/MidifiedFloatParameter.cpp;
			sourceTree = "SOURCE_ROOT";
		};
		CAE0CC005600A52D573096BE = {
			isa = PBXFileReference;
			lastKnownFileType = sourcecode.cpp.cpp;
			name = StepSequencer.cpp;
			path = ../../Source/UI/StepSequencer.cpp;
			sourceTree = "SOURCE_ROOT";
		};
		CB6097DBB16E63F30FFFFAA3 = {
			isa = PBXFileReference;
			lastKnownFileType = sourcecode.c.h;
			name = StepSequencer.h;
			path = ../../Source/UI/StepSequencer.h;
			sourceTree = "SOURCE_ROOT";
		};
		CCF993F51B1CD8ED1D249DC9 = {
			isa = PBXFileReference;
			lastKnownFileType = file;
			name = "juce_audio_devices";
			path = "../../../../JUCE_6.0/modules/juce_audio_devices";
			sourceTree = "SOURCE_ROOT";
		};
		CCFABFE7CDF687DAC8DDFABA = {
			isa = PBXFileReference;
			lastKnownFileType = sourcecode.cpp.cpp;
			name = PluginProcessor.cpp;
			path = ../../Source/PluginProcessor.cpp;
			sourceTree = "SOURCE_ROOT";
		};
		D4D40EF621103C07B335579D = {
			isa = PBXFileReference;
			lastKnownFileType = file;
			name = "juce_gui_extra";
			path = "../../../../JUCE_6.0/modules/juce_gui_extra";
			sourceTree = "SOURCE_ROOT";
		};
		D6EB70D5C6BFBEDFC1A08D54 = {
			isa = PBXFileReference;
			lastKnownFileType = sourcecode.c.h;
			name = PluginProcessor.h;
			path = ../../Source/PluginProcessor.h;
			sourceTree = "SOURCE_ROOT";
		};
		DA8BBF35C57F9A0C59820CF1 = {
			isa = PBXFileReference;
			lastKnownFileType = sourcecode.c.h;
			name = PanelArpAndFilter.h;
			path = ../../Source/UI/PanelArpAndFilter.h;
			sourceTree = "SOURCE_ROOT";
		};
		DBF504230B6E8BD6D977B4AB = {
			isa = PBXFileReference;
			lastKnownFileType = sourcecode.cpp.objcpp;
			name = "include_juce_audio_plugin_client_AU_1.mm";
			path = "../../JuceLibraryCode/include_juce_audio_plugin_client_AU_1.mm";
			sourceTree = "SOURCE_ROOT";
		};
		DCD7DCB5D2A0F447DE303DB9 = {
			isa = PBXFileReference;
			lastKnownFileType = sourcecode.c.h;
			name = EnveloppeFree2.h;
			path = ../../Source/UI/EnveloppeFree2.h;
			sourceTree = "SOURCE_ROOT";
		};
		DF31980814B7495A5CBDE95C = {
			isa = PBXFileReference;
			lastKnownFileType = file;
			name = "juce_audio_formats";
			path = "../../../../JUCE_6.0/modules/juce_audio_formats";
			sourceTree = "SOURCE_ROOT";
		};
		E064092B70B7D773EA0547F6 = {
			isa = PBXFileReference;
			lastKnownFileType = file;
			name = "juce_audio_plugin_client";
			path = "../../../../JUCE_6.0/modules/juce_audio_plugin_client";
			sourceTree = "SOURCE_ROOT";
		};
		E91C57EB7CB9F7CD498EDDE1 = {
			isa = PBXFileReference;
			lastKnownFileType = sourcecode.cpp.objcpp;
			name = "include_juce_gui_basics.mm";
			path = "../../JuceLibraryCode/include_juce_gui_basics.mm";
			sourceTree = "SOURCE_ROOT";
		};
		E9A6DB71FF5251071F485CF9 = {
			isa = PBXFileReference;
			lastKnownFileType = sourcecode.cpp.cpp;
			name = EnveloppeFree1.cpp;
			path = ../../Source/UI/EnveloppeFree1.cpp;
			sourceTree = "SOURCE_ROOT";
		};
		EA8BE719FE791914ECD075F8 = {
			isa = PBXFileReference;
			lastKnownFileType = wrapper.framework;
			name = QuartzCore.framework;
			path = System/Library/Frameworks/QuartzCore.framework;
			sourceTree = SDKROOT;
		};
		ECF3DB524A599DC42958D27E = {
			isa = PBXFileReference;
			lastKnownFileType = text.plist.xml;
			name = "Info-AU.plist";
			path = "Info-AU.plist";
			sourceTree = "SOURCE_ROOT";
		};
		F2433E00769A9F213DD18F81 = {
			isa = PBXFileReference;
			lastKnownFileType = text.plist.xml;
			name = "Info-Standalone_Plugin.plist";
			path = "Info-Standalone_Plugin.plist";
			sourceTree = "SOURCE_ROOT";
		};
		F5008B8A6C36FFEBE31A187F = {
			isa = PBXFileReference;
			lastKnownFileType = sourcecode.cpp.cpp;
			name = "include_juce_audio_plugin_client_utils.cpp";
			path = "../../JuceLibraryCode/include_juce_audio_plugin_client_utils.cpp";
			sourceTree = "SOURCE_ROOT";
		};
		FA25FAD262AF0A9AF355A860 = {
			isa = PBXFileReference;
			lastKnownFileType = sourcecode.cpp.cpp;
			name = BinaryData.cpp;
			path = ../../JuceLibraryCode/BinaryData.cpp;
			sourceTree = "SOURCE_ROOT";
		};
		FB2E8D97B8F8B4855AA08787 = {
			isa = PBXFileReference;
			lastKnownFileType = sourcecode.cpp.objcpp;
			name = "include_juce_audio_utils.mm";
			path = "../../JuceLibraryCode/include_juce_audio_utils.mm";
			sourceTree = "SOURCE_ROOT";
		};
		FDE71B2E85AF63B14E894E32 = {
			isa = PBXFileReference;
			lastKnownFileType = file.r;
			name = "include_juce_audio_plugin_client_AU.r";
			path = "../../JuceLibraryCode/include_juce_audio_plugin_client_AU.r";
			sourceTree = "SOURCE_ROOT";
		};
		CC9061702C034461BFF0FFDC = {
			isa = PBXGroup;
			children = (
				37F551A1042E654F8FC49A25,
				567A4B9B301C04769A7A931E,
			);
			name = png;
			sourceTree = "<group>";
		};
		9F5BFFDB17892467AEB95DBF = {
			isa = PBXGroup;
			children = (
				A21C1F09E451CA9E83495020,
				C0462E83B979F945FFC132D0,
				1EF562403C83C0EC2F6F462B,
				35190AC3ED815DF3673F1D73,
				E9A6DB71FF5251071F485CF9,
				584424F6B9FA3EA3DDE0586B,
				9547FE7E2A14244C20961168,
				DCD7DCB5D2A0F447DE303DB9,
				43F86F12D6E270DABAB00A82,
				524111CAFE9C3E2FE237671F,
				25A50AF1D85F6505D32B33D9,
				DA8BBF35C57F9A0C59820CF1,
				17F875311CB6C6341B983642,
				1DAA6098DA1C16B346E337D5,
				33E92A7DA30C094B67A6B201,
				234C56F753C58C5D4BF78CC4,
				9FFF9D2FC0AFF0C8640EF7F0,
				CC9061702C034461BFF0FFDC,
				4825021F67D27894C8C66732,
				14D69C76371F2899720AB830,
				C55FDFB46801ABDC4C8B69F4,
				CAE0CC005600A52D573096BE,
				CB6097DBB16E63F30FFFFAA3,
			);
			name = UI;
			sourceTree = "<group>";
		};
		5D517EE5514429A621F4C0AC = {
			isa = PBXGroup;
			children = (
				9F5BFFDB17892467AEB95DBF,
				A0DCC871E5E4EA6E073B3BD3,
				90232CF2F8D53EF3C433D539,
				C7E3511444D0D17AAF7D34C8,
				53C169A7B6554A6AE3EEE1EE,
				A72CAF4E31F20DC9CA0A0B50,
				607705CB53C4CBD3CACC5654,
				65ED8DE10BB450C5FA4B4EF1,
				52F8D36F28E739D7C339300C,
				CCFABFE7CDF687DAC8DDFABA,
				D6EB70D5C6BFBEDFC1A08D54,
				B0D3E7CF32BAA7248E4888A6,
			);
			name = Source;
			sourceTree = "<group>";
		};
		A1B6EC433B17AC3C5A568500 = {
			isa = PBXGroup;
			children = (
				5D517EE5514429A621F4C0AC,
				5060A6D51ADE3B234CAF0026,
			);
			name = pfm2Editor;
			sourceTree = "<group>";
		};
		9F643FFAC55647ABE85C3823 = {
			isa = PBXGroup;
			children = (
				18D8488F958F26D7CAD620D0,
				CCF993F51B1CD8ED1D249DC9,
				DF31980814B7495A5CBDE95C,
				E064092B70B7D773EA0547F6,
				08C88B710BD91CB396DFAA26,
				3997462264634A414374B53F,
				3CA1F3EAF34E5E5785F456CA,
				0AD5B6264AF2776B1CA7A30B,
				92EBA5CDFD19E0ABB8B6673B,
				1A61E029740492BD56EB7F28,
				38BA6196F0444534D49DB1FF,
				07733981AC6137023DB774BA,
				D4D40EF621103C07B335579D,
				2A471CC28DB39B7DD6414951,
			);
			name = "JUCE Modules";
			sourceTree = "<group>";
		};
		3C3457E0E668D975BD793B6F = {
			isa = PBXGroup;
			children = (
				30E5CEA5F4E34BCB3E61B42A,
				FA25FAD262AF0A9AF355A860,
				ADDEF236F8C67A359117FB79,
				3BA7B518A68C6C096EB932CC,
				B60AA06FF277DB3CF95BA92B,
				7F6551E6F4428A7F1C83BF65,
				FDE71B2E85AF63B14E894E32,
				DBF504230B6E8BD6D977B4AB,
				C1BB1DE22844251AC65CE168,
				9B9F98BB3D109B4A4E465D62,
				F5008B8A6C36FFEBE31A187F,
				C0DEDB193693F0FFC20B929C,
				6C1E2C2062ECFBF883C297CB,
				21D5CA2B1E57E38A0F3AB6FB,
				947773010BC6771C684F1D71,
				FB2E8D97B8F8B4855AA08787,
				9057407CF453ECFED4709124,
				06233FB764AE9F84706775C0,
				469EA8E9A5724AABB4087119,
				9FA266E3BBE09C86E4948777,
				3EFA8C66080B2C253BC8F966,
				E91C57EB7CB9F7CD498EDDE1,
				977D6D0A97DF936F70A596AC,
				9D0093F952F1A5DE68822F01,
				56A710D72CEDCD37B4E0B8E2,
				427AB327FF0627C10066D9FE,
			);
			name = "JUCE Library Code";
			sourceTree = "<group>";
		};
		C99B689FBFA7A724731835CC = {
			isa = PBXGroup;
			children = (
				2194D7E562CF1F19489FAA65,
				BD6A1D61F54B4763D03C6649,
				ECF3DB524A599DC42958D27E,
				F2433E00769A9F213DD18F81,
				4898134F4616CEB1ED70D70F,
			);
			name = Resources;
			sourceTree = "<group>";
		};
		EC27D71AACCA5CFD1E71A2F0 = {
			isa = PBXGroup;
			children = (
				94C8B41AF1337AC0A01FF97B,
				5B3E854725B532BF27F161D1,
				B8D8871652C8938335613B68,
				B16050CAF4AD9CA0F2F0E047,
				031AFC92D443974A9FE22488,
				81E2CDAD49F51877643C3042,
				011A188ADD19C537796DB83F,
				1972F309074DC9AFF14E0534,
				2465FE8B0DA68B6568DB3072,
				5564A2FC0FDA44F6C8FB3E1B,
				34F0279DB85875160BB7BA8F,
				1370E2A9AA23425B612B283D,
				EA8BE719FE791914ECD075F8,
				2427C66F15D997D6F8542C65,
			);
			name = Frameworks;
			sourceTree = "<group>";
		};
		91E92DE81A3100E062CBA6C0 = {
			isa = PBXGroup;
			children = (
				2F90DBA9D81F2373D72368EC,
				8D10718AE5C9CD3673F024BA,
				AEB36ADAFE71794BDA2BF94E,
				8D0A9E1D4F3E9D88BAD3FE9B,
				089C70079AF1630D1D55BD1B,
			);
			name = Products;
			sourceTree = "<group>";
		};
		8694704DE23A6E35172180BB = {
			isa = PBXGroup;
			children = (
				A1B6EC433B17AC3C5A568500,
				9F643FFAC55647ABE85C3823,
				3C3457E0E668D975BD793B6F,
				C99B689FBFA7A724731835CC,
				EC27D71AACCA5CFD1E71A2F0,
				91E92DE81A3100E062CBA6C0,
			);
			name = Source;
			sourceTree = "<group>";
		};
		CF587203CF852C6A2463E014 = {
			isa = PBXTargetDependency;
			target = FADABD329101AE4C40E1A4FC;
		};
		CAD8CF7F0ACB7DB586FAF855 = {
			isa = PBXTargetDependency;
			target = A3D0616C9237169F7FDE7F5D;
		};
		B49A8E503774EF935118AF74 = {
			isa = PBXTargetDependency;
			target = 43FF1D2916A28328004E3469;
		};
		B7D172B6FBE8FB319D514203 = {
			isa = PBXTargetDependency;
			target = 0A4F5DAEF3DA48150256A1D4;
		};
		D171925A96D2BAFEEA461E34 = {
			isa = PBXTargetDependency;
			target = 3CBEBC8BAAC2F7677221B1CA;
		};
		FD4E23A2E80043B775B725E0 = {
			isa = PBXTargetDependency;
			target = 3CBEBC8BAAC2F7677221B1CA;
		};
		EF0B08C626ECB3E7B72D58F0 = {
			isa = PBXTargetDependency;
			target = 3CBEBC8BAAC2F7677221B1CA;
		};
		77B87289E446259D2CB92D9A = {
			isa = PBXTargetDependency;
			target = 3CBEBC8BAAC2F7677221B1CA;
		};
		09589BD946D403BC37DFD40D = {
			isa = PBXTargetDependency;
			target = 3CBEBC8BAAC2F7677221B1CA;
		};
		BE6764689A87C39EBFE367E7 = {
			isa = XCBuildConfiguration;
			buildSettings = {
				MACOSX_DEPLOYMENT_TARGET = 10.7;
				SDKROOT = macosx;
			};
			name = Debug;
		};
		881262A582E345BB29A25DCE = {
			isa = XCBuildConfiguration;
			buildSettings = {
				MACOSX_DEPLOYMENT_TARGET = 10.7;
				SDKROOT = macosx;
			};
			name = Release;
		};
		9B250A67B79CF0832E06A0FA = {
			isa = XCBuildConfiguration;
			buildSettings = {
				ARCHS = "$(ARCHS_STANDARD_64_BIT)";
				CLANG_CXX_LANGUAGE_STANDARD = "c++11";
				CLANG_CXX_LIBRARY = "libc++";
				CLANG_LINK_OBJC_RUNTIME = NO;
				CODE_SIGN_IDENTITY = "";
				COMBINE_HIDPI_IMAGES = YES;
				CONFIGURATION_BUILD_DIR = "$(PROJECT_DIR)/build/$(CONFIGURATION)";
				COPY_PHASE_STRIP = NO;
				DEPLOYMENT_LOCATION = YES;
				DSTROOT = /;
				GCC_DYNAMIC_NO_PIC = NO;
				GCC_OPTIMIZATION_LEVEL = 0;
				GCC_PREPROCESSOR_DEFINITIONS = (
					"_DEBUG=1",
					"DEBUG=1",
					"JUCER_XCODE_MAC_F6D2F4CF=1",
					"JUCE_APP_VERSION=3.0.0",
					"JUCE_APP_VERSION_HEX=0x30000",
					"JucePlugin_Build_VST=1",
					"JucePlugin_Build_VST3=0",
					"JucePlugin_Build_AU=0",
					"JucePlugin_Build_AUv3=0",
					"JucePlugin_Build_RTAS=0",
					"JucePlugin_Build_AAX=0",
					"JucePlugin_Build_Standalone=0",
					"JucePlugin_Build_Unity=0",
				);
				GCC_VERSION = com.apple.compilers.llvm.clang.1_0;
				GENERATE_PKGINFO_FILE = YES;
				HEADER_SEARCH_PATHS = (
					"../../../../JUCE_6.0/modules/juce_audio_processors/format_types/VST3_SDK",
					"../../JuceLibraryCode",
					"../../../../JUCE_6.0/modules",
					"../../../dev/VST_SDK/VST3_SDK",
					"../../../../JUCE_6.0/modules/juce_audio_plugin_client",
					"$(inherited)",
				);
				INFOPLIST_FILE = Info-VST.plist;
				INFOPLIST_PREPROCESS = NO;
				INSTALL_PATH = "$(HOME)/Library/Audio/Plug-Ins/VST/";
				LIBRARY_STYLE = Bundle;
				MACOSX_DEPLOYMENT_TARGET = 10.7;
				MTL_HEADER_SEARCH_PATHS = (
					"../../../../JUCE_6.0/modules/juce_audio_processors/format_types/VST3_SDK",
					"../../JuceLibraryCode",
					"../../../../JUCE_6.0/modules",
					"../../../dev/VST_SDK/VST3_SDK",
					"../../../../JUCE_6.0/modules/juce_audio_plugin_client",
				);
				OTHER_CPLUSPLUSFLAGS = "-std=c++11 -stdlib=libc++";
				OTHER_LDFLAGS = "-bundle -lPreenfm2Editor -std=c++11 -stdlib=libc++";
				PRODUCT_BUNDLE_IDENTIFIER = com.ixox.Preenfm2Editor;
				PRODUCT_NAME = "Preenfm2Editor";
				USE_HEADERMAP = NO;
				VALID_ARCHS = "i386 x86_64 arm64 arm64e";
				WRAPPER_EXTENSION = vst;
			};
			name = Debug;
		};
		53F9E592EB70C9AFA3F3BB2F = {
			isa = XCBuildConfiguration;
			buildSettings = {
				ARCHS = "$(ARCHS_STANDARD_64_BIT)";
				CLANG_CXX_LANGUAGE_STANDARD = "c++11";
				CLANG_CXX_LIBRARY = "libc++";
				CLANG_LINK_OBJC_RUNTIME = NO;
				CODE_SIGN_IDENTITY = "";
				COMBINE_HIDPI_IMAGES = YES;
				CONFIGURATION_BUILD_DIR = "$(PROJECT_DIR)/build/$(CONFIGURATION)";
				DEAD_CODE_STRIPPING = YES;
				DEPLOYMENT_LOCATION = YES;
				DSTROOT = /;
				GCC_GENERATE_DEBUGGING_SYMBOLS = NO;
				GCC_OPTIMIZATION_LEVEL = s;
				GCC_PREPROCESSOR_DEFINITIONS = (
					"_NDEBUG=1",
					"NDEBUG=1",
					"JUCER_XCODE_MAC_F6D2F4CF=1",
					"JUCE_APP_VERSION=3.0.0",
					"JUCE_APP_VERSION_HEX=0x30000",
					"JucePlugin_Build_VST=1",
					"JucePlugin_Build_VST3=0",
					"JucePlugin_Build_AU=0",
					"JucePlugin_Build_AUv3=0",
					"JucePlugin_Build_RTAS=0",
					"JucePlugin_Build_AAX=0",
					"JucePlugin_Build_Standalone=0",
					"JucePlugin_Build_Unity=0",
				);
				GCC_VERSION = com.apple.compilers.llvm.clang.1_0;
				GENERATE_PKGINFO_FILE = YES;
				HEADER_SEARCH_PATHS = (
					"../../../../JUCE_6.0/modules/juce_audio_processors/format_types/VST3_SDK",
					"../../JuceLibraryCode",
					"../../../../JUCE_6.0/modules",
					"../../../dev/VST_SDK/VST3_SDK",
					"../../../../JUCE_6.0/modules/juce_audio_plugin_client",
					"$(inherited)",
				);
				INFOPLIST_FILE = Info-VST.plist;
				INFOPLIST_PREPROCESS = NO;
				INSTALL_PATH = "$(HOME)/Library/Audio/Plug-Ins/VST/";
				LIBRARY_STYLE = Bundle;
				LLVM_LTO = YES;
				MACOSX_DEPLOYMENT_TARGET = 10.7;
				MTL_HEADER_SEARCH_PATHS = (
					"../../../../JUCE_6.0/modules/juce_audio_processors/format_types/VST3_SDK",
					"../../JuceLibraryCode",
					"../../../../JUCE_6.0/modules",
					"../../../dev/VST_SDK/VST3_SDK",
					"../../../../JUCE_6.0/modules/juce_audio_plugin_client",
				);
				OTHER_CPLUSPLUSFLAGS = "-std=c++11 -stdlib=libc++";
				OTHER_LDFLAGS = "-bundle -lPreenfm2Editor -std=c++11 -stdlib=libc++";
				PRODUCT_BUNDLE_IDENTIFIER = com.ixox.Preenfm2Editor;
				PRODUCT_NAME = "Preenfm2Editor";
				USE_HEADERMAP = NO;
				VALID_ARCHS = "i386 x86_64 arm64 arm64e";
				WRAPPER_EXTENSION = vst;
			};
			name = Release;
		};
		75982C8FF0F32513AEB224C9 = {
			isa = XCBuildConfiguration;
			buildSettings = {
				ARCHS = "$(ARCHS_STANDARD_64_BIT)";
				CLANG_CXX_LANGUAGE_STANDARD = "c++11";
				CLANG_CXX_LIBRARY = "libc++";
				CLANG_LINK_OBJC_RUNTIME = NO;
				CODE_SIGN_IDENTITY = "";
				COMBINE_HIDPI_IMAGES = YES;
				CONFIGURATION_BUILD_DIR = "$(PROJECT_DIR)/build/$(CONFIGURATION)";
				COPY_PHASE_STRIP = NO;
				DEPLOYMENT_LOCATION = YES;
				DSTROOT = /;
				GCC_DYNAMIC_NO_PIC = NO;
				GCC_OPTIMIZATION_LEVEL = 0;
				GCC_PREPROCESSOR_DEFINITIONS = (
					"_DEBUG=1",
					"DEBUG=1",
					"JUCER_XCODE_MAC_F6D2F4CF=1",
					"JUCE_APP_VERSION=3.0.0",
					"JUCE_APP_VERSION_HEX=0x30000",
					"JucePlugin_Build_VST=0",
					"JucePlugin_Build_VST3=1",
					"JucePlugin_Build_AU=0",
					"JucePlugin_Build_AUv3=0",
					"JucePlugin_Build_RTAS=0",
					"JucePlugin_Build_AAX=0",
					"JucePlugin_Build_Standalone=0",
					"JucePlugin_Build_Unity=0",
				);
				GCC_VERSION = com.apple.compilers.llvm.clang.1_0;
				GENERATE_PKGINFO_FILE = YES;
				HEADER_SEARCH_PATHS = (
					"../../../../JUCE_6.0/modules/juce_audio_processors/format_types/VST3_SDK",
					"../../JuceLibraryCode",
					"../../../../JUCE_6.0/modules",
					"../../../dev/VST_SDK/VST3_SDK",
					"../../../../JUCE_6.0/modules/juce_audio_plugin_client",
					"$(inherited)",
				);
				INFOPLIST_FILE = Info-VST3.plist;
				INFOPLIST_PREPROCESS = NO;
				INSTALL_PATH = "$(HOME)/Library/Audio/Plug-Ins/VST3/";
				LIBRARY_STYLE = Bundle;
				MACOSX_DEPLOYMENT_TARGET = 10.7;
				MTL_HEADER_SEARCH_PATHS = (
					"../../../../JUCE_6.0/modules/juce_audio_processors/format_types/VST3_SDK",
					"../../JuceLibraryCode",
					"../../../../JUCE_6.0/modules",
					"../../../dev/VST_SDK/VST3_SDK",
					"../../../../JUCE_6.0/modules/juce_audio_plugin_client",
				);
				OTHER_CPLUSPLUSFLAGS = "-std=c++11 -stdlib=libc++";
				OTHER_LDFLAGS = "-bundle -lPreenfm2Editor -std=c++11 -stdlib=libc++";
				PRODUCT_BUNDLE_IDENTIFIER = com.ixox.Preenfm2Editor;
				PRODUCT_NAME = "Preenfm2Editor";
				USE_HEADERMAP = NO;
				VALID_ARCHS = "i386 x86_64 arm64 arm64e";
				WRAPPER_EXTENSION = vst3;
			};
			name = Debug;
		};
		6624782CE684B28747566944 = {
			isa = XCBuildConfiguration;
			buildSettings = {
				ARCHS = "$(ARCHS_STANDARD_64_BIT)";
				CLANG_CXX_LANGUAGE_STANDARD = "c++11";
				CLANG_CXX_LIBRARY = "libc++";
				CLANG_LINK_OBJC_RUNTIME = NO;
				CODE_SIGN_IDENTITY = "";
				COMBINE_HIDPI_IMAGES = YES;
				CONFIGURATION_BUILD_DIR = "$(PROJECT_DIR)/build/$(CONFIGURATION)";
				DEAD_CODE_STRIPPING = YES;
				DEPLOYMENT_LOCATION = YES;
				DSTROOT = /;
				GCC_GENERATE_DEBUGGING_SYMBOLS = NO;
				GCC_OPTIMIZATION_LEVEL = s;
				GCC_PREPROCESSOR_DEFINITIONS = (
					"_NDEBUG=1",
					"NDEBUG=1",
					"JUCER_XCODE_MAC_F6D2F4CF=1",
					"JUCE_APP_VERSION=3.0.0",
					"JUCE_APP_VERSION_HEX=0x30000",
					"JucePlugin_Build_VST=0",
					"JucePlugin_Build_VST3=1",
					"JucePlugin_Build_AU=0",
					"JucePlugin_Build_AUv3=0",
					"JucePlugin_Build_RTAS=0",
					"JucePlugin_Build_AAX=0",
					"JucePlugin_Build_Standalone=0",
					"JucePlugin_Build_Unity=0",
				);
				GCC_VERSION = com.apple.compilers.llvm.clang.1_0;
				GENERATE_PKGINFO_FILE = YES;
				HEADER_SEARCH_PATHS = (
					"../../../../JUCE_6.0/modules/juce_audio_processors/format_types/VST3_SDK",
					"../../JuceLibraryCode",
					"../../../../JUCE_6.0/modules",
					"../../../dev/VST_SDK/VST3_SDK",
					"../../../../JUCE_6.0/modules/juce_audio_plugin_client",
					"$(inherited)",
				);
				INFOPLIST_FILE = Info-VST3.plist;
				INFOPLIST_PREPROCESS = NO;
				INSTALL_PATH = "$(HOME)/Library/Audio/Plug-Ins/VST3/";
				LIBRARY_STYLE = Bundle;
				LLVM_LTO = YES;
				MACOSX_DEPLOYMENT_TARGET = 10.7;
				MTL_HEADER_SEARCH_PATHS = (
					"../../../../JUCE_6.0/modules/juce_audio_processors/format_types/VST3_SDK",
					"../../JuceLibraryCode",
					"../../../../JUCE_6.0/modules",
					"../../../dev/VST_SDK/VST3_SDK",
					"../../../../JUCE_6.0/modules/juce_audio_plugin_client",
				);
				OTHER_CPLUSPLUSFLAGS = "-std=c++11 -stdlib=libc++";
				OTHER_LDFLAGS = "-bundle -lPreenfm2Editor -std=c++11 -stdlib=libc++";
				PRODUCT_BUNDLE_IDENTIFIER = com.ixox.Preenfm2Editor;
				PRODUCT_NAME = "Preenfm2Editor";
				USE_HEADERMAP = NO;
				VALID_ARCHS = "i386 x86_64 arm64 arm64e";
				WRAPPER_EXTENSION = vst3;
			};
			name = Release;
		};
		24414C3088484AA61DDF6100 = {
			isa = XCBuildConfiguration;
			buildSettings = {
				ARCHS = "$(ARCHS_STANDARD_64_BIT)";
				CLANG_CXX_LANGUAGE_STANDARD = "c++11";
				CLANG_CXX_LIBRARY = "libc++";
				CLANG_LINK_OBJC_RUNTIME = NO;
				CODE_SIGN_IDENTITY = "";
				COMBINE_HIDPI_IMAGES = YES;
				CONFIGURATION_BUILD_DIR = "$(PROJECT_DIR)/build/$(CONFIGURATION)";
				COPY_PHASE_STRIP = NO;
				DEPLOYMENT_LOCATION = YES;
				DSTROOT = /;
				GCC_DYNAMIC_NO_PIC = NO;
				GCC_OPTIMIZATION_LEVEL = 0;
				GCC_PREPROCESSOR_DEFINITIONS = (
					"_DEBUG=1",
					"DEBUG=1",
					"JUCER_XCODE_MAC_F6D2F4CF=1",
					"JUCE_APP_VERSION=3.0.0",
					"JUCE_APP_VERSION_HEX=0x30000",
					"JucePlugin_Build_VST=0",
					"JucePlugin_Build_VST3=0",
					"JucePlugin_Build_AU=1",
					"JucePlugin_Build_AUv3=0",
					"JucePlugin_Build_RTAS=0",
					"JucePlugin_Build_AAX=0",
					"JucePlugin_Build_Standalone=0",
					"JucePlugin_Build_Unity=0",
				);
				GCC_VERSION = com.apple.compilers.llvm.clang.1_0;
				GENERATE_PKGINFO_FILE = YES;
				HEADER_SEARCH_PATHS = (
					"../../../../JUCE_6.0/modules/juce_audio_processors/format_types/VST3_SDK",
					"../../JuceLibraryCode",
					"../../../../JUCE_6.0/modules",
					"../../../dev/VST_SDK/VST3_SDK",
					"../../../../JUCE_6.0/modules/juce_audio_plugin_client",
					"$(inherited)",
				);
				INFOPLIST_FILE = Info-AU.plist;
				INFOPLIST_PREPROCESS = NO;
				INSTALL_PATH = "$(HOME)/Library/Audio/Plug-Ins/Components/";
				LIBRARY_STYLE = Bundle;
				MACOSX_DEPLOYMENT_TARGET = 10.7;
				MTL_HEADER_SEARCH_PATHS = (
					"../../../../JUCE_6.0/modules/juce_audio_processors/format_types/VST3_SDK",
					"../../JuceLibraryCode",
					"../../../../JUCE_6.0/modules",
					"../../../dev/VST_SDK/VST3_SDK",
					"../../../../JUCE_6.0/modules/juce_audio_plugin_client",
				);
				OTHER_CPLUSPLUSFLAGS = "-std=c++11 -stdlib=libc++";
				OTHER_LDFLAGS = "-bundle -lPreenfm2Editor -std=c++11 -stdlib=libc++";
				OTHER_REZFLAGS = "-d ppc_$ppc -d i386_$i386 -d ppc64_$ppc64 -d x86_64_$x86_64 -I /System/Library/Frameworks/CoreServices.framework/Frameworks/CarbonCore.framework/Versions/A/Headers -I \"$(DEVELOPER_DIR)/Extras/CoreAudio/AudioUnits/AUPublic/AUBase\" -I \"$(DEVELOPER_DIR)/Platforms/MacOSX.platform/Developer/SDKs/MacOSX.sdk/System/Library/Frameworks/AudioUnit.framework/Headers\"";
				PRODUCT_BUNDLE_IDENTIFIER = com.ixox.Preenfm2Editor;
				PRODUCT_NAME = "Preenfm2Editor";
				USE_HEADERMAP = NO;
				VALID_ARCHS = "i386 x86_64 arm64 arm64e";
				WRAPPER_EXTENSION = component;
			};
			name = Debug;
		};
		3D6EB19582AD3EEE68C71E52 = {
			isa = XCBuildConfiguration;
			buildSettings = {
				ARCHS = "$(ARCHS_STANDARD_64_BIT)";
				CLANG_CXX_LANGUAGE_STANDARD = "c++11";
				CLANG_CXX_LIBRARY = "libc++";
				CLANG_LINK_OBJC_RUNTIME = NO;
				CODE_SIGN_IDENTITY = "";
				COMBINE_HIDPI_IMAGES = YES;
				CONFIGURATION_BUILD_DIR = "$(PROJECT_DIR)/build/$(CONFIGURATION)";
				DEAD_CODE_STRIPPING = YES;
				DEPLOYMENT_LOCATION = YES;
				DSTROOT = /;
				GCC_GENERATE_DEBUGGING_SYMBOLS = NO;
				GCC_OPTIMIZATION_LEVEL = s;
				GCC_PREPROCESSOR_DEFINITIONS = (
					"_NDEBUG=1",
					"NDEBUG=1",
					"JUCER_XCODE_MAC_F6D2F4CF=1",
					"JUCE_APP_VERSION=3.0.0",
					"JUCE_APP_VERSION_HEX=0x30000",
					"JucePlugin_Build_VST=0",
					"JucePlugin_Build_VST3=0",
					"JucePlugin_Build_AU=1",
					"JucePlugin_Build_AUv3=0",
					"JucePlugin_Build_RTAS=0",
					"JucePlugin_Build_AAX=0",
					"JucePlugin_Build_Standalone=0",
					"JucePlugin_Build_Unity=0",
				);
				GCC_VERSION = com.apple.compilers.llvm.clang.1_0;
				GENERATE_PKGINFO_FILE = YES;
				HEADER_SEARCH_PATHS = (
					"../../../../JUCE_6.0/modules/juce_audio_processors/format_types/VST3_SDK",
					"../../JuceLibraryCode",
					"../../../../JUCE_6.0/modules",
					"../../../dev/VST_SDK/VST3_SDK",
					"../../../../JUCE_6.0/modules/juce_audio_plugin_client",
					"$(inherited)",
				);
				INFOPLIST_FILE = Info-AU.plist;
				INFOPLIST_PREPROCESS = NO;
				INSTALL_PATH = "$(HOME)/Library/Audio/Plug-Ins/Components/";
				LIBRARY_STYLE = Bundle;
				LLVM_LTO = YES;
				MACOSX_DEPLOYMENT_TARGET = 10.7;
				MTL_HEADER_SEARCH_PATHS = (
					"../../../../JUCE_6.0/modules/juce_audio_processors/format_types/VST3_SDK",
					"../../JuceLibraryCode",
					"../../../../JUCE_6.0/modules",
					"../../../dev/VST_SDK/VST3_SDK",
					"../../../../JUCE_6.0/modules/juce_audio_plugin_client",
				);
				OTHER_CPLUSPLUSFLAGS = "-std=c++11 -stdlib=libc++";
				OTHER_LDFLAGS = "-bundle -lPreenfm2Editor -std=c++11 -stdlib=libc++";
				OTHER_REZFLAGS = "-d ppc_$ppc -d i386_$i386 -d ppc64_$ppc64 -d x86_64_$x86_64 -I /System/Library/Frameworks/CoreServices.framework/Frameworks/CarbonCore.framework/Versions/A/Headers -I \"$(DEVELOPER_DIR)/Extras/CoreAudio/AudioUnits/AUPublic/AUBase\" -I \"$(DEVELOPER_DIR)/Platforms/MacOSX.platform/Developer/SDKs/MacOSX.sdk/System/Library/Frameworks/AudioUnit.framework/Headers\"";
				PRODUCT_BUNDLE_IDENTIFIER = com.ixox.Preenfm2Editor;
				PRODUCT_NAME = "Preenfm2Editor";
				USE_HEADERMAP = NO;
				VALID_ARCHS = "i386 x86_64 arm64 arm64e";
				WRAPPER_EXTENSION = component;
			};
			name = Release;
		};
		10E53122FAC5A81E9EDE19A4 = {
			isa = XCBuildConfiguration;
			buildSettings = {
				ARCHS = "$(ARCHS_STANDARD_64_BIT)";
				CLANG_CXX_LANGUAGE_STANDARD = "c++11";
				CLANG_CXX_LIBRARY = "libc++";
				CLANG_LINK_OBJC_RUNTIME = NO;
				CODE_SIGN_IDENTITY = "";
				COMBINE_HIDPI_IMAGES = YES;
				CONFIGURATION_BUILD_DIR = "$(PROJECT_DIR)/build/$(CONFIGURATION)";
				COPY_PHASE_STRIP = NO;
				GCC_DYNAMIC_NO_PIC = NO;
				GCC_OPTIMIZATION_LEVEL = 0;
				GCC_PREPROCESSOR_DEFINITIONS = (
					"_DEBUG=1",
					"DEBUG=1",
					"JUCER_XCODE_MAC_F6D2F4CF=1",
					"JUCE_APP_VERSION=3.0.0",
					"JUCE_APP_VERSION_HEX=0x30000",
					"JucePlugin_Build_VST=0",
					"JucePlugin_Build_VST3=0",
					"JucePlugin_Build_AU=0",
					"JucePlugin_Build_AUv3=0",
					"JucePlugin_Build_RTAS=0",
					"JucePlugin_Build_AAX=0",
					"JucePlugin_Build_Standalone=1",
					"JucePlugin_Build_Unity=0",
				);
				GCC_VERSION = com.apple.compilers.llvm.clang.1_0;
				HEADER_SEARCH_PATHS = (
					"../../../../JUCE_6.0/modules/juce_audio_processors/format_types/VST3_SDK",
					"../../JuceLibraryCode",
					"../../../../JUCE_6.0/modules",
					"../../../dev/VST_SDK/VST3_SDK",
					"../../../../JUCE_6.0/modules/juce_audio_plugin_client",
					"$(inherited)",
				);
				INFOPLIST_FILE = Info-Standalone_Plugin.plist;
				INFOPLIST_PREPROCESS = NO;
				MACOSX_DEPLOYMENT_TARGET = 10.7;
				MTL_HEADER_SEARCH_PATHS = (
					"../../../../JUCE_6.0/modules/juce_audio_processors/format_types/VST3_SDK",
					"../../JuceLibraryCode",
					"../../../../JUCE_6.0/modules",
					"../../../dev/VST_SDK/VST3_SDK",
					"../../../../JUCE_6.0/modules/juce_audio_plugin_client",
				);
				OTHER_CPLUSPLUSFLAGS = "-std=c++11 -stdlib=libc++";
				OTHER_LDFLAGS = "-lPreenfm2Editor -std=c++11 -stdlib=libc++";
				PRODUCT_BUNDLE_IDENTIFIER = com.ixox.Preenfm2Editor;
				PRODUCT_NAME = "Preenfm2Editor";
				USE_HEADERMAP = NO;
				VALID_ARCHS = "i386 x86_64 arm64 arm64e";
			};
			name = Debug;
		};
		ADA70A3523B6B22536F31284 = {
			isa = XCBuildConfiguration;
			buildSettings = {
				ARCHS = "$(ARCHS_STANDARD_64_BIT)";
				CLANG_CXX_LANGUAGE_STANDARD = "c++11";
				CLANG_CXX_LIBRARY = "libc++";
				CLANG_LINK_OBJC_RUNTIME = NO;
				CODE_SIGN_IDENTITY = "";
				COMBINE_HIDPI_IMAGES = YES;
				CONFIGURATION_BUILD_DIR = "$(PROJECT_DIR)/build/$(CONFIGURATION)";
				DEAD_CODE_STRIPPING = YES;
				GCC_GENERATE_DEBUGGING_SYMBOLS = NO;
				GCC_OPTIMIZATION_LEVEL = s;
				GCC_PREPROCESSOR_DEFINITIONS = (
					"_NDEBUG=1",
					"NDEBUG=1",
					"JUCER_XCODE_MAC_F6D2F4CF=1",
					"JUCE_APP_VERSION=3.0.0",
					"JUCE_APP_VERSION_HEX=0x30000",
					"JucePlugin_Build_VST=0",
					"JucePlugin_Build_VST3=0",
					"JucePlugin_Build_AU=0",
					"JucePlugin_Build_AUv3=0",
					"JucePlugin_Build_RTAS=0",
					"JucePlugin_Build_AAX=0",
					"JucePlugin_Build_Standalone=1",
					"JucePlugin_Build_Unity=0",
				);
				GCC_VERSION = com.apple.compilers.llvm.clang.1_0;
				HEADER_SEARCH_PATHS = (
					"../../../../JUCE_6.0/modules/juce_audio_processors/format_types/VST3_SDK",
					"../../JuceLibraryCode",
					"../../../../JUCE_6.0/modules",
					"../../../dev/VST_SDK/VST3_SDK",
					"../../../../JUCE_6.0/modules/juce_audio_plugin_client",
					"$(inherited)",
				);
				INFOPLIST_FILE = Info-Standalone_Plugin.plist;
				INFOPLIST_PREPROCESS = NO;
				LLVM_LTO = YES;
				MACOSX_DEPLOYMENT_TARGET = 10.7;
				MTL_HEADER_SEARCH_PATHS = (
					"../../../../JUCE_6.0/modules/juce_audio_processors/format_types/VST3_SDK",
					"../../JuceLibraryCode",
					"../../../../JUCE_6.0/modules",
					"../../../dev/VST_SDK/VST3_SDK",
					"../../../../JUCE_6.0/modules/juce_audio_plugin_client",
				);
				OTHER_CPLUSPLUSFLAGS = "-std=c++11 -stdlib=libc++";
				OTHER_LDFLAGS = "-lPreenfm2Editor -std=c++11 -stdlib=libc++";
				PRODUCT_BUNDLE_IDENTIFIER = com.ixox.Preenfm2Editor;
				PRODUCT_NAME = "Preenfm2Editor";
				USE_HEADERMAP = NO;
				VALID_ARCHS = "i386 x86_64 arm64 arm64e";
			};
			name = Release;
		};
		78C17FAE7C6E22022A43E405 = {
			isa = XCBuildConfiguration;
			buildSettings = {
				ARCHS = "$(ARCHS_STANDARD_64_BIT)";
				CLANG_CXX_LANGUAGE_STANDARD = "c++11";
				CLANG_CXX_LIBRARY = "libc++";
				CLANG_LINK_OBJC_RUNTIME = NO;
				CODE_SIGN_IDENTITY = "";
				COMBINE_HIDPI_IMAGES = YES;
				CONFIGURATION_BUILD_DIR = "$(PROJECT_DIR)/build/$(CONFIGURATION)";
				COPY_PHASE_STRIP = NO;
				GCC_DYNAMIC_NO_PIC = NO;
				GCC_OPTIMIZATION_LEVEL = 0;
				GCC_PREPROCESSOR_DEFINITIONS = (
					"_DEBUG=1",
					"DEBUG=1",
					"JUCER_XCODE_MAC_F6D2F4CF=1",
					"JUCE_APP_VERSION=3.0.0",
					"JUCE_APP_VERSION_HEX=0x30000",
					"JucePlugin_Build_VST=1",
					"JucePlugin_Build_VST3=1",
					"JucePlugin_Build_AU=1",
					"JucePlugin_Build_AUv3=0",
					"JucePlugin_Build_RTAS=0",
					"JucePlugin_Build_AAX=0",
					"JucePlugin_Build_Standalone=1",
					"JucePlugin_Build_Unity=0",
					"JUCE_SHARED_CODE=1",
				);
				GCC_VERSION = com.apple.compilers.llvm.clang.1_0;
				HEADER_SEARCH_PATHS = (
					"../../../../JUCE_6.0/modules/juce_audio_processors/format_types/VST3_SDK",
					"../../JuceLibraryCode",
					"../../../../JUCE_6.0/modules",
					"../../../dev/VST_SDK/VST3_SDK",
					"../../../../JUCE_6.0/modules/juce_audio_plugin_client",
					"$(inherited)",
				);
				INSTALL_PATH = "@executable_path/../Frameworks";
				MACOSX_DEPLOYMENT_TARGET = 10.7;
				MTL_HEADER_SEARCH_PATHS = (
					"../../../../JUCE_6.0/modules/juce_audio_processors/format_types/VST3_SDK",
					"../../JuceLibraryCode",
					"../../../../JUCE_6.0/modules",
					"../../../dev/VST_SDK/VST3_SDK",
					"../../../../JUCE_6.0/modules/juce_audio_plugin_client",
				);
				OTHER_CPLUSPLUSFLAGS = "-std=c++11 -stdlib=libc++";
				OTHER_LDFLAGS = "-std=c++11 -stdlib=libc++";
				PRODUCT_BUNDLE_IDENTIFIER = com.ixox.Preenfm2Editor;
				PRODUCT_NAME = "Preenfm2Editor";
				SKIP_INSTALL = YES;
				USE_HEADERMAP = NO;
				VALID_ARCHS = "i386 x86_64 arm64 arm64e";
			};
			name = Debug;
		};
		99540BEAD97DE48D010169AC = {
			isa = XCBuildConfiguration;
			buildSettings = {
				ARCHS = "$(ARCHS_STANDARD_64_BIT)";
				CLANG_CXX_LANGUAGE_STANDARD = "c++11";
				CLANG_CXX_LIBRARY = "libc++";
				CLANG_LINK_OBJC_RUNTIME = NO;
				CODE_SIGN_IDENTITY = "";
				COMBINE_HIDPI_IMAGES = YES;
				CONFIGURATION_BUILD_DIR = "$(PROJECT_DIR)/build/$(CONFIGURATION)";
				DEAD_CODE_STRIPPING = YES;
				GCC_GENERATE_DEBUGGING_SYMBOLS = NO;
				GCC_OPTIMIZATION_LEVEL = s;
				GCC_PREPROCESSOR_DEFINITIONS = (
					"_NDEBUG=1",
					"NDEBUG=1",
					"JUCER_XCODE_MAC_F6D2F4CF=1",
					"JUCE_APP_VERSION=3.0.0",
					"JUCE_APP_VERSION_HEX=0x30000",
					"JucePlugin_Build_VST=1",
					"JucePlugin_Build_VST3=1",
					"JucePlugin_Build_AU=1",
					"JucePlugin_Build_AUv3=0",
					"JucePlugin_Build_RTAS=0",
					"JucePlugin_Build_AAX=0",
					"JucePlugin_Build_Standalone=1",
					"JucePlugin_Build_Unity=0",
					"JUCE_SHARED_CODE=1",
				);
				GCC_VERSION = com.apple.compilers.llvm.clang.1_0;
				HEADER_SEARCH_PATHS = (
					"../../../../JUCE_6.0/modules/juce_audio_processors/format_types/VST3_SDK",
					"../../JuceLibraryCode",
					"../../../../JUCE_6.0/modules",
					"../../../dev/VST_SDK/VST3_SDK",
					"../../../../JUCE_6.0/modules/juce_audio_plugin_client",
					"$(inherited)",
				);
				INSTALL_PATH = "@executable_path/../Frameworks";
				LLVM_LTO = YES;
				MACOSX_DEPLOYMENT_TARGET = 10.7;
				MTL_HEADER_SEARCH_PATHS = (
					"../../../../JUCE_6.0/modules/juce_audio_processors/format_types/VST3_SDK",
					"../../JuceLibraryCode",
					"../../../../JUCE_6.0/modules",
					"../../../dev/VST_SDK/VST3_SDK",
					"../../../../JUCE_6.0/modules/juce_audio_plugin_client",
				);
				OTHER_CPLUSPLUSFLAGS = "-std=c++11 -stdlib=libc++";
				OTHER_LDFLAGS = "-std=c++11 -stdlib=libc++";
				PRODUCT_BUNDLE_IDENTIFIER = com.ixox.Preenfm2Editor;
				PRODUCT_NAME = "Preenfm2Editor";
				SKIP_INSTALL = YES;
				USE_HEADERMAP = NO;
				VALID_ARCHS = "i386 x86_64 arm64 arm64e";
			};
			name = Release;
		};
		C35237A96DC568A54939FDFA = {
			isa = XCBuildConfiguration;
			buildSettings = {
				ALWAYS_SEARCH_USER_PATHS = NO;
				CLANG_ENABLE_OBJC_WEAK = YES;
				CLANG_WARN_BLOCK_CAPTURE_AUTORELEASING = YES;
				CLANG_WARN_BOOL_CONVERSION = YES;
				CLANG_WARN_COMMA = YES;
				CLANG_WARN_CONSTANT_CONVERSION = YES;
				CLANG_WARN_DEPRECATED_OBJC_IMPLEMENTATIONS = YES;
				CLANG_WARN_EMPTY_BODY = YES;
				CLANG_WARN_ENUM_CONVERSION = YES;
				CLANG_WARN_INFINITE_RECURSION = YES;
				CLANG_WARN_INT_CONVERSION = YES;
				CLANG_WARN_NON_LITERAL_NULL_CONVERSION = YES;
				CLANG_WARN_OBJC_IMPLICIT_RETAIN_SELF = YES;
				CLANG_WARN_OBJC_LITERAL_CONVERSION = YES;
				CLANG_WARN_RANGE_LOOP_ANALYSIS = YES;
				CLANG_WARN_STRICT_PROTOTYPES = YES;
				CLANG_WARN_SUSPICIOUS_MOVE = YES;
				CLANG_WARN_UNREACHABLE_CODE = YES;
				CLANG_WARN__DUPLICATE_METHOD_MATCH = YES;
				CODE_SIGN_IDENTITY = "";
				DEBUG_INFORMATION_FORMAT = dwarf;
				ENABLE_STRICT_OBJC_MSGSEND = YES;
				ENABLE_TESTABILITY = NO;
				GCC_C_LANGUAGE_STANDARD = c11;
				GCC_INLINES_ARE_PRIVATE_EXTERN = YES;
				GCC_MODEL_TUNING = G5;
				GCC_NO_COMMON_BLOCKS = YES;
				GCC_SYMBOLS_PRIVATE_EXTERN = YES;
				GCC_WARN_64_TO_32_BIT_CONVERSION = YES;
				GCC_WARN_ABOUT_RETURN_TYPE = YES;
				GCC_WARN_CHECK_SWITCH_STATEMENTS = YES;
				GCC_WARN_MISSING_PARENTHESES = YES;
				GCC_WARN_NON_VIRTUAL_DESTRUCTOR = YES;
				GCC_WARN_TYPECHECK_CALLS_TO_PRINTF = YES;
				GCC_WARN_UNDECLARED_SELECTOR = YES;
				GCC_WARN_UNINITIALIZED_AUTOS = YES;
				GCC_WARN_UNUSED_FUNCTION = YES;
				GCC_WARN_UNUSED_VARIABLE = YES;
				PRODUCT_NAME = "Preenfm2Editor";
				SDKROOT = macosx;
				WARNING_CFLAGS = "-Wreorder";
				ZERO_LINK = NO;
			};
			name = Debug;
		};
		6B988BFFCDD189B1740A183C = {
			isa = XCBuildConfiguration;
			buildSettings = {
				ALWAYS_SEARCH_USER_PATHS = NO;
				CLANG_ENABLE_OBJC_WEAK = YES;
				CLANG_WARN_BLOCK_CAPTURE_AUTORELEASING = YES;
				CLANG_WARN_BOOL_CONVERSION = YES;
				CLANG_WARN_COMMA = YES;
				CLANG_WARN_CONSTANT_CONVERSION = YES;
				CLANG_WARN_DEPRECATED_OBJC_IMPLEMENTATIONS = YES;
				CLANG_WARN_EMPTY_BODY = YES;
				CLANG_WARN_ENUM_CONVERSION = YES;
				CLANG_WARN_INFINITE_RECURSION = YES;
				CLANG_WARN_INT_CONVERSION = YES;
				CLANG_WARN_NON_LITERAL_NULL_CONVERSION = YES;
				CLANG_WARN_OBJC_IMPLICIT_RETAIN_SELF = YES;
				CLANG_WARN_OBJC_LITERAL_CONVERSION = YES;
				CLANG_WARN_RANGE_LOOP_ANALYSIS = YES;
				CLANG_WARN_STRICT_PROTOTYPES = YES;
				CLANG_WARN_SUSPICIOUS_MOVE = YES;
				CLANG_WARN_UNREACHABLE_CODE = YES;
				CLANG_WARN__DUPLICATE_METHOD_MATCH = YES;
				CODE_SIGN_IDENTITY = "";
				DEBUG_INFORMATION_FORMAT = dwarf;
				ENABLE_STRICT_OBJC_MSGSEND = YES;
				ENABLE_TESTABILITY = NO;
				GCC_C_LANGUAGE_STANDARD = c11;
				GCC_INLINES_ARE_PRIVATE_EXTERN = YES;
				GCC_MODEL_TUNING = G5;
				GCC_NO_COMMON_BLOCKS = YES;
				GCC_SYMBOLS_PRIVATE_EXTERN = YES;
				GCC_WARN_64_TO_32_BIT_CONVERSION = YES;
				GCC_WARN_ABOUT_RETURN_TYPE = YES;
				GCC_WARN_CHECK_SWITCH_STATEMENTS = YES;
				GCC_WARN_MISSING_PARENTHESES = YES;
				GCC_WARN_NON_VIRTUAL_DESTRUCTOR = YES;
				GCC_WARN_TYPECHECK_CALLS_TO_PRINTF = YES;
				GCC_WARN_UNDECLARED_SELECTOR = YES;
				GCC_WARN_UNINITIALIZED_AUTOS = YES;
				GCC_WARN_UNUSED_FUNCTION = YES;
				GCC_WARN_UNUSED_VARIABLE = YES;
				PRODUCT_NAME = "Preenfm2Editor";
				SDKROOT = macosx;
				WARNING_CFLAGS = "-Wreorder";
				ZERO_LINK = NO;
			};
			name = Release;
		};
		041D0EADEAAE53C4A7574C35 = {
			isa = XCConfigurationList;
			buildConfigurations = (
				C35237A96DC568A54939FDFA,
				6B988BFFCDD189B1740A183C,
			);
			defaultConfigurationIsVisible = 0;
			defaultConfigurationName = Debug;
		};
		A2D4B2023EBA748F8635AFAD = {
			isa = XCConfigurationList;
			buildConfigurations = (
				BE6764689A87C39EBFE367E7,
				881262A582E345BB29A25DCE,
			);
			defaultConfigurationIsVisible = 0;
			defaultConfigurationName = Debug;
		};
		64A2C3643CADB8852E59DBFA = {
			isa = PBXAggregateTarget;
			buildConfigurationList = A2D4B2023EBA748F8635AFAD;
			buildPhases = ( );
			buildRules = ( );
			dependencies = (
				CF587203CF852C6A2463E014,
				CAD8CF7F0ACB7DB586FAF855,
				B49A8E503774EF935118AF74,
				B7D172B6FBE8FB319D514203,
				D171925A96D2BAFEEA461E34,
			);
			name = "pfm2Editor - All";
			productName = pfm2Editor;
		};
		A11947AF6BCA26B5F9C6FE07 = {
			isa = XCConfigurationList;
			buildConfigurations = (
				9B250A67B79CF0832E06A0FA,
				53F9E592EB70C9AFA3F3BB2F,
			);
			defaultConfigurationIsVisible = 0;
			defaultConfigurationName = Debug;
		};
		9B5CAF94F67774C01DAD67C8 = {
			isa = PBXResourcesBuildPhase;
			buildActionMask = 2147483647;
			files = (
				E4E3152D83F3CA54977E7131,
			);
			runOnlyForDeploymentPostprocessing = 0;
		};
		095548E129A4479FC53B39D7 = {
			isa = PBXSourcesBuildPhase;
			buildActionMask = 2147483647;
			files = (
				B8280E1044BB0F68624F73E9,
			);
			runOnlyForDeploymentPostprocessing = 0;
		};
		A92389E4D8D289F594EF5144 = {
			isa = PBXFrameworksBuildPhase;
			buildActionMask = 2147483647;
			files = (
				07A5C806D99C3102E079F0B7,
				43B5FF7043B39447FE9D9514,
				C34C76D5FDD739E668AC3A54,
				C6EBFAB81CA44431CDA5508D,
				0291FCBF3279B2CE4188B891,
				6F6D9D2AEF91F1C2347C1ABD,
				596EAA1CAAE0FAF6FAC71401,
				F21C27DD1079774CFDBE004F,
				A79CABC694C2C7BA1990996B,
				6B8831FA7B61533736A07423,
				7CE7655B3455A1450E1E9829,
				4AC2E1F0D5748B6B82CB92F8,
				E19C43CEEDCAAFFF10E173A6,
			);
			runOnlyForDeploymentPostprocessing = 0;
		};
		FADABD329101AE4C40E1A4FC = {
			isa = PBXNativeTarget;
			buildConfigurationList = A11947AF6BCA26B5F9C6FE07;
			buildPhases = (
				9B5CAF94F67774C01DAD67C8,
				095548E129A4479FC53B39D7,
				A92389E4D8D289F594EF5144,
			);
			buildRules = ( );
			dependencies = (
				FD4E23A2E80043B775B725E0,
			);
			name = "pfm2Editor - VST";
			productName = pfm2Editor;
			productReference = 2F90DBA9D81F2373D72368EC;
			productType = "com.apple.product-type.bundle";
		};
		820F96B9DCEFCC9D00B47DA8 = {
			isa = XCConfigurationList;
			buildConfigurations = (
				75982C8FF0F32513AEB224C9,
				6624782CE684B28747566944,
			);
			defaultConfigurationIsVisible = 0;
			defaultConfigurationName = Debug;
		};
		84F848429F5EAF160395CD82 = {
			isa = PBXResourcesBuildPhase;
			buildActionMask = 2147483647;
			files = (
				E4E3152D83F3CA54977E7131,
			);
			runOnlyForDeploymentPostprocessing = 0;
		};
		A4DEF2173CEA2A7426560F1D = {
			isa = PBXSourcesBuildPhase;
			buildActionMask = 2147483647;
			files = (
				A3756E98DDD48791ACABDAA3,
			);
			runOnlyForDeploymentPostprocessing = 0;
		};
		4D835FD739F3684622A6C41C = {
			isa = PBXFrameworksBuildPhase;
			buildActionMask = 2147483647;
			files = (
				07A5C806D99C3102E079F0B7,
				43B5FF7043B39447FE9D9514,
				C34C76D5FDD739E668AC3A54,
				C6EBFAB81CA44431CDA5508D,
				0291FCBF3279B2CE4188B891,
				6F6D9D2AEF91F1C2347C1ABD,
				596EAA1CAAE0FAF6FAC71401,
				F21C27DD1079774CFDBE004F,
				A79CABC694C2C7BA1990996B,
				6B8831FA7B61533736A07423,
				7CE7655B3455A1450E1E9829,
				4AC2E1F0D5748B6B82CB92F8,
				E19C43CEEDCAAFFF10E173A6,
			);
			runOnlyForDeploymentPostprocessing = 0;
		};
		A3D0616C9237169F7FDE7F5D = {
			isa = PBXNativeTarget;
			buildConfigurationList = 820F96B9DCEFCC9D00B47DA8;
			buildPhases = (
				84F848429F5EAF160395CD82,
				A4DEF2173CEA2A7426560F1D,
				4D835FD739F3684622A6C41C,
			);
			buildRules = ( );
			dependencies = (
				EF0B08C626ECB3E7B72D58F0,
			);
			name = "pfm2Editor - VST3";
			productName = pfm2Editor;
			productReference = 8D10718AE5C9CD3673F024BA;
			productType = "com.apple.product-type.bundle";
		};
		E52AE27E679A9552A04BDAAB = {
			isa = XCConfigurationList;
			buildConfigurations = (
				24414C3088484AA61DDF6100,
				3D6EB19582AD3EEE68C71E52,
			);
			defaultConfigurationIsVisible = 0;
			defaultConfigurationName = Debug;
		};
		108AB98AC77BB34D1E3D0249 = {
			isa = PBXResourcesBuildPhase;
			buildActionMask = 2147483647;
			files = (
				E4E3152D83F3CA54977E7131,
			);
			runOnlyForDeploymentPostprocessing = 0;
		};
		2C55CEA3A470AE5524175434 = {
			isa = PBXRezBuildPhase;
			buildActionMask = 2147483647;
			files = (
				2ED0BFFB68585C79ACA34781,
			);
			runOnlyForDeploymentPostprocessing = 0;
		};
		EC2BD0CD89375DE6CA52F141 = {
			isa = PBXSourcesBuildPhase;
			buildActionMask = 2147483647;
			files = (
				19AE2A200FF2BDCEE047B0C2,
				8C71A9F164A7FE33894B6DB9,
			);
			runOnlyForDeploymentPostprocessing = 0;
		};
		C7297576E41F9023EEF879A3 = {
			isa = PBXFrameworksBuildPhase;
			buildActionMask = 2147483647;
			files = (
				E1EF9088D8154CB114CAA847,
				07A5C806D99C3102E079F0B7,
				43B5FF7043B39447FE9D9514,
				C34C76D5FDD739E668AC3A54,
				C6EBFAB81CA44431CDA5508D,
				0291FCBF3279B2CE4188B891,
				6F6D9D2AEF91F1C2347C1ABD,
				596EAA1CAAE0FAF6FAC71401,
				F21C27DD1079774CFDBE004F,
				A79CABC694C2C7BA1990996B,
				6B8831FA7B61533736A07423,
				7CE7655B3455A1450E1E9829,
				4AC2E1F0D5748B6B82CB92F8,
				E19C43CEEDCAAFFF10E173A6,
			);
			runOnlyForDeploymentPostprocessing = 0;
		};
		43FF1D2916A28328004E3469 = {
			isa = PBXNativeTarget;
			buildConfigurationList = E52AE27E679A9552A04BDAAB;
			buildPhases = (
				108AB98AC77BB34D1E3D0249,
				2C55CEA3A470AE5524175434,
				EC2BD0CD89375DE6CA52F141,
				C7297576E41F9023EEF879A3,
			);
			buildRules = ( );
			dependencies = (
				77B87289E446259D2CB92D9A,
			);
			name = "pfm2Editor - AU";
			productName = pfm2Editor;
			productReference = AEB36ADAFE71794BDA2BF94E;
			productType = "com.apple.product-type.bundle";
		};
		15AA932679DFC2A2F0005A48 = {
			isa = XCConfigurationList;
			buildConfigurations = (
				10E53122FAC5A81E9EDE19A4,
				ADA70A3523B6B22536F31284,
			);
			defaultConfigurationIsVisible = 0;
			defaultConfigurationName = Debug;
		};
		C509CC0B30C60FB99B7D330F = {
			isa = PBXResourcesBuildPhase;
			buildActionMask = 2147483647;
			files = (
				E4E3152D83F3CA54977E7131,
			);
			runOnlyForDeploymentPostprocessing = 0;
		};
		03E059ACD3F8CF5FE3C3D3DB = {
			isa = PBXSourcesBuildPhase;
			buildActionMask = 2147483647;
			files = (
				B5EA6F0591D2F9C6E5A5429F,
			);
			runOnlyForDeploymentPostprocessing = 0;
		};
		EA091B8A3E900ABC827A6E2C = {
			isa = PBXFrameworksBuildPhase;
			buildActionMask = 2147483647;
			files = (
				07A5C806D99C3102E079F0B7,
				43B5FF7043B39447FE9D9514,
				C34C76D5FDD739E668AC3A54,
				C6EBFAB81CA44431CDA5508D,
				0291FCBF3279B2CE4188B891,
				6F6D9D2AEF91F1C2347C1ABD,
				596EAA1CAAE0FAF6FAC71401,
				F21C27DD1079774CFDBE004F,
				A79CABC694C2C7BA1990996B,
				6B8831FA7B61533736A07423,
				7CE7655B3455A1450E1E9829,
				4AC2E1F0D5748B6B82CB92F8,
				E19C43CEEDCAAFFF10E173A6,
			);
			runOnlyForDeploymentPostprocessing = 0;
		};
		0A4F5DAEF3DA48150256A1D4 = {
			isa = PBXNativeTarget;
			buildConfigurationList = 15AA932679DFC2A2F0005A48;
			buildPhases = (
				C509CC0B30C60FB99B7D330F,
				03E059ACD3F8CF5FE3C3D3DB,
				EA091B8A3E900ABC827A6E2C,
			);
			buildRules = ( );
			dependencies = (
				09589BD946D403BC37DFD40D,
			);
			name = "pfm2Editor - Standalone Plugin";
			productName = pfm2Editor;
			productReference = 8D0A9E1D4F3E9D88BAD3FE9B;
			productType = "com.apple.product-type.application";
		};
		CF85AAA4485A295EEE5472FC = {
			isa = XCConfigurationList;
			buildConfigurations = (
				78C17FAE7C6E22022A43E405,
				99540BEAD97DE48D010169AC,
			);
			defaultConfigurationIsVisible = 0;
			defaultConfigurationName = Debug;
		};
		DF99532497269C9F36D69D88 = {
			isa = PBXSourcesBuildPhase;
			buildActionMask = 2147483647;
			files = (
				AA17ECD079E9950FFF027191,
				20DC61A4FE686CCCB3739FCB,
				53F3DBF411284F650F014D19,
				7B6D1C056F7801995E6FE77E,
				D912CBE2612F173E45B2BF22,
				069B772001BB60453C2ED124,
				55845BAC02E8E5E30A67571D,
				195C0B5D5A850C461483F264,
				1CF5ACB8322777A97A83C8E4,
				A57DBA666E9A6F8A591A76BC,
				CBF34257AA7051A51CD5428A,
				7CC0F9689A0974DFFF0AC99A,
				268061BE83E361E942525055,
				DFE0B2CB645EABDBBBF7A61D,
				3942CB8F4098029BF05AB248,
				A046FADB44B4A13812EECA7A,
				0B2A6EB29E56D4CB9FD5709C,
				C29ACBB64F7FD468B3733B38,
				D089B3A6564BB7E5E23531A4,
				CD0AED9F7FBBD34AA75812F5,
				AB824A5DABEB1D76D6F6B424,
				DFB8FA56FEEDD741AF393F3B,
				A2B03CB0B2BFD29E31BBEA13,
				093987044736778E6DFB5A37,
				2B716B7F11997DB5BA52135C,
				6904E702866D001CA402244A,
				F8F572D2362D41A051A4F491,
				0CE783A57794CCE00301D7EA,
				488CDF6ECDC521063AB43AC0,
				4891E5FC6484BB64C4B59EA2,
				6A1922D3D561A1C01AC2CBD1,
				E71A50C7AEF9FBC75DCDBF85,
			);
			runOnlyForDeploymentPostprocessing = 0;
		};
		3CBEBC8BAAC2F7677221B1CA = {
			isa = PBXNativeTarget;
			buildConfigurationList = CF85AAA4485A295EEE5472FC;
			buildPhases = (
				DF99532497269C9F36D69D88,
			);
			buildRules = ( );
			dependencies = ( );
			name = "pfm2Editor - Shared Code";
			productName = pfm2Editor;
			productReference = 089C70079AF1630D1D55BD1B;
			productType = "com.apple.product-type.library.static";
		};
		3853E150B4BC8BC8216434BF = {
			isa = PBXProject;
			buildConfigurationList = 041D0EADEAAE53C4A7574C35;
			attributes = { LastUpgradeCheck = 1200; ORGANIZATIONNAME = "Xavier Hosxe"; TargetAttributes = { 64A2C3643CADB8852E59DBFA = { SystemCapabilities = {com.apple.ApplicationGroups.iOS = { enabled = 0; }; com.apple.InAppPurchase = { enabled = 0; }; com.apple.InterAppAudio = { enabled = 0; }; com.apple.Push = { enabled = 0; }; com.apple.Sandbox = { enabled = 0; }; com.apple.HardenedRuntime = { enabled = 0; }; }; };FADABD329101AE4C40E1A4FC = { SystemCapabilities = {com.apple.ApplicationGroups.iOS = { enabled = 0; }; com.apple.InAppPurchase = { enabled = 0; }; com.apple.InterAppAudio = { enabled = 0; }; com.apple.Push = { enabled = 0; }; com.apple.Sandbox = { enabled = 0; }; com.apple.HardenedRuntime = { enabled = 0; }; }; };A3D0616C9237169F7FDE7F5D = { SystemCapabilities = {com.apple.ApplicationGroups.iOS = { enabled = 0; }; com.apple.InAppPurchase = { enabled = 0; }; com.apple.InterAppAudio = { enabled = 0; }; com.apple.Push = { enabled = 0; }; com.apple.Sandbox = { enabled = 0; }; com.apple.HardenedRuntime = { enabled = 0; }; }; };43FF1D2916A28328004E3469 = { SystemCapabilities = {com.apple.ApplicationGroups.iOS = { enabled = 0; }; com.apple.InAppPurchase = { enabled = 0; }; com.apple.InterAppAudio = { enabled = 0; }; com.apple.Push = { enabled = 0; }; com.apple.Sandbox = { enabled = 0; }; com.apple.HardenedRuntime = { enabled = 0; }; }; };0A4F5DAEF3DA48150256A1D4 = { SystemCapabilities = {com.apple.ApplicationGroups.iOS = { enabled = 0; }; com.apple.InAppPurchase = { enabled = 0; }; com.apple.InterAppAudio = { enabled = 0; }; com.apple.Push = { enabled = 0; }; com.apple.Sandbox = { enabled = 0; }; com.apple.HardenedRuntime = { enabled = 0; }; }; };3CBEBC8BAAC2F7677221B1CA = { SystemCapabilities = {com.apple.ApplicationGroups.iOS = { enabled = 0; }; com.apple.InAppPurchase = { enabled = 0; }; com.apple.InterAppAudio = { enabled = 0; }; com.apple.Push = { enabled = 0; }; com.apple.Sandbox = { enabled = 0; }; com.apple.HardenedRuntime = { enabled = 0; }; }; }; }; };
			compatibilityVersion = "Xcode 3.2";
			hasScannedForEncodings = 0;
			mainGroup = 8694704DE23A6E35172180BB;
			projectDirPath = "";
			projectRoot = "";
			targets = (64A2C3643CADB8852E59DBFA, FADABD329101AE4C40E1A4FC, A3D0616C9237169F7FDE7F5D, 43FF1D2916A28328004E3469, 0A4F5DAEF3DA48150256A1D4, 3CBEBC8BAAC2F7677221B1CA);
			knownRegions = (en, Base);
		};
	};
	rootObject = 3853E150B4BC8BC8216434BF;
}
